// !$*UTF8*$!
{
	archiveVersion = 1;
	classes = {
	};
	objectVersion = 46;
	objects = {

/* Begin PBXBuildFile section */
		52356F362126C38500A49F5F /* MadvPanoGPUIRenderer.mm in Sources */ = {isa = PBXBuildFile; fileRef = 52356F352126C38500A49F5F /* MadvPanoGPUIRenderer.mm */; };
		575AD8C91BEA6FC60088E866 /* sample_iPod.m4v in Resources */ = {isa = PBXBuildFile; fileRef = 575AD8C81BEA6FC60088E866 /* sample_iPod.m4v */; };
		79C26E221A5EDD1C0054857C /* SLSSimpleVideoFileFilterWindowController.mm in Sources */ = {isa = PBXBuildFile; fileRef = 79C26E211A5EDD1C0054857C /* SLSSimpleVideoFileFilterWindowController.mm */; };
		79C26E2E1A5F02B70054857C /* SLSSimpleVideoFileFilterWindowController.xib in Resources */ = {isa = PBXBuildFile; fileRef = 79C26E2D1A5F02B70054857C /* SLSSimpleVideoFileFilterWindowController.xib */; };
		79E8A5FB1A5ED6A700E6A226 /* AppDelegate.m in Sources */ = {isa = PBXBuildFile; fileRef = 79E8A5FA1A5ED6A700E6A226 /* AppDelegate.m */; };
		79E8A5FD1A5ED6A700E6A226 /* main.m in Sources */ = {isa = PBXBuildFile; fileRef = 79E8A5FC1A5ED6A700E6A226 /* main.m */; };
		79E8A5FF1A5ED6A700E6A226 /* Images.xcassets in Resources */ = {isa = PBXBuildFile; fileRef = 79E8A5FE1A5ED6A700E6A226 /* Images.xcassets */; };
		79E8A6021A5ED6A700E6A226 /* MainMenu.xib in Resources */ = {isa = PBXBuildFile; fileRef = 79E8A6001A5ED6A700E6A226 /* MainMenu.xib */; };
		79E8A60E1A5ED6A700E6A226 /* SimpleVideoFilterTests.m in Sources */ = {isa = PBXBuildFile; fileRef = 79E8A60D1A5ED6A700E6A226 /* SimpleVideoFilterTests.m */; };
		BB5F5BF9213637CE003386A9 /* MediaCollectionViewItem.xib in Resources */ = {isa = PBXBuildFile; fileRef = BB5F5BF8213637CE003386A9 /* MediaCollectionViewItem.xib */; };
		BB5F5BFA213637CE003386A9 /* MediaCollectionViewItem.xib in Resources */ = {isa = PBXBuildFile; fileRef = BB5F5BF8213637CE003386A9 /* MediaCollectionViewItem.xib */; };
		BB5F5C0621365247003386A9 /* MediaCollectionWindowController.m in Sources */ = {isa = PBXBuildFile; fileRef = BB5F5C0421365247003386A9 /* MediaCollectionWindowController.m */; };
		BB5F5C0721365247003386A9 /* MediaCollectionWindowController.m in Sources */ = {isa = PBXBuildFile; fileRef = BB5F5C0421365247003386A9 /* MediaCollectionWindowController.m */; };
		BB5F5C0821365247003386A9 /* MediaCollectionWindowController.xib in Resources */ = {isa = PBXBuildFile; fileRef = BB5F5C0521365247003386A9 /* MediaCollectionWindowController.xib */; };
		BB5F5C0921365247003386A9 /* MediaCollectionWindowController.xib in Resources */ = {isa = PBXBuildFile; fileRef = BB5F5C0521365247003386A9 /* MediaCollectionWindowController.xib */; };
		BBDF50D821257A7900491DE4 /* ISOBMFF.framework in Frameworks */ = {isa = PBXBuildFile; fileRef = BBDF50D521257A6000491DE4 /* ISOBMFF.framework */; };
		BBEAF8922125603800766C02 /* MADVPanoFramework_macOS.framework in Frameworks */ = {isa = PBXBuildFile; fileRef = BBEAF88F2125602B00766C02 /* MADVPanoFramework_macOS.framework */; };
		BBEAF8CE2125746F00766C02 /* MadvMP4BoxParser.mm in Sources */ = {isa = PBXBuildFile; fileRef = BBEAF8CC2125746F00766C02 /* MadvMP4BoxParser.mm */; };
		BCF8E9E51A75DE67005AE243 /* GPUImage.framework in CopyFiles */ = {isa = PBXBuildFile; fileRef = BCF8E9E21A75DE3F005AE243 /* GPUImage.framework */; settings = {ATTRIBUTES = (CodeSignOnCopy, RemoveHeadersOnCopy, ); }; };
/* End PBXBuildFile section */

/* Begin PBXContainerItemProxy section */
		52356F322126734D00A49F5F /* PBXContainerItemProxy */ = {
			isa = PBXContainerItemProxy;
			containerPortal = BBEAF8872125602900766C02 /* MADVPano_Unix.xcodeproj */;
			proxyType = 2;
			remoteGlobalIDString = BBDF514A212660D300491DE4;
			remoteInfo = MADVPano_Mac;
		};
		52356F372126C50400A49F5F /* PBXContainerItemProxy */ = {
			isa = PBXContainerItemProxy;
			containerPortal = BCF8E9DD1A75DE3F005AE243 /* GPUImageMac.xcodeproj */;
			proxyType = 1;
			remoteGlobalIDString = BCA3F31B17239B6500E28AEC;
			remoteInfo = GPUImage;
		};
		79E8A6081A5ED6A700E6A226 /* PBXContainerItemProxy */ = {
			isa = PBXContainerItemProxy;
			containerPortal = 79E8A5EC1A5ED6A700E6A226 /* Project object */;
			proxyType = 1;
			remoteGlobalIDString = 79E8A5F31A5ED6A700E6A226;
			remoteInfo = SimpleVideoFilter;
		};
		BBDF50CE21257A6000491DE4 /* PBXContainerItemProxy */ = {
			isa = PBXContainerItemProxy;
			containerPortal = BBDF50C621257A6000491DE4 /* ISOBMFF.xcodeproj */;
			proxyType = 2;
			remoteGlobalIDString = 0515C8AF1F2A71A8003B8594;
			remoteInfo = ISOBMFF;
		};
		BBDF50D021257A6000491DE4 /* PBXContainerItemProxy */ = {
			isa = PBXContainerItemProxy;
			containerPortal = BBDF50C621257A6000491DE4 /* ISOBMFF.xcodeproj */;
			proxyType = 2;
			remoteGlobalIDString = 05DA96011F2A7D5B005F46DB;
			remoteInfo = "ISOBMFF-Tests";
		};
		BBDF50D221257A6000491DE4 /* PBXContainerItemProxy */ = {
			isa = PBXContainerItemProxy;
			containerPortal = BBDF50C621257A6000491DE4 /* ISOBMFF.xcodeproj */;
			proxyType = 2;
			remoteGlobalIDString = 05BFED221F63952E00A6909E;
			remoteInfo = "ISOBMFF-Dump";
		};
		BBDF50D421257A6000491DE4 /* PBXContainerItemProxy */ = {
			isa = PBXContainerItemProxy;
			containerPortal = BBDF50C621257A6000491DE4 /* ISOBMFF.xcodeproj */;
			proxyType = 2;
			remoteGlobalIDString = BBDF508A2125780600491DE4;
			remoteInfo = ISOBMFF_macOS;
		};
		BBDF50D621257A6C00491DE4 /* PBXContainerItemProxy */ = {
			isa = PBXContainerItemProxy;
			containerPortal = BBDF50C621257A6000491DE4 /* ISOBMFF.xcodeproj */;
			proxyType = 1;
			remoteGlobalIDString = BBDF50892125780600491DE4;
			remoteInfo = ISOBMFF_macOS;
		};
		BBEAF88C2125602B00766C02 /* PBXContainerItemProxy */ = {
			isa = PBXContainerItemProxy;
			containerPortal = BBEAF8872125602900766C02 /* MADVPano_Unix.xcodeproj */;
			proxyType = 2;
			remoteGlobalIDString = BB1B598B201B277300502B36;
			remoteInfo = MADVPano_Unix;
		};
		BBEAF88E2125602B00766C02 /* PBXContainerItemProxy */ = {
			isa = PBXContainerItemProxy;
			containerPortal = BBEAF8872125602900766C02 /* MADVPano_Unix.xcodeproj */;
			proxyType = 2;
			remoteGlobalIDString = BBEAF7CD2125399F00766C02;
			remoteInfo = MADVPanoFramework_macOS;
		};
		BBEAF8902125603200766C02 /* PBXContainerItemProxy */ = {
			isa = PBXContainerItemProxy;
			containerPortal = BBEAF8872125602900766C02 /* MADVPano_Unix.xcodeproj */;
			proxyType = 1;
			remoteGlobalIDString = BBEAF7CC2125399F00766C02;
			remoteInfo = MADVPanoFramework_macOS;
		};
		BCF8E9E11A75DE3F005AE243 /* PBXContainerItemProxy */ = {
			isa = PBXContainerItemProxy;
			containerPortal = BCF8E9DD1A75DE3F005AE243 /* GPUImageMac.xcodeproj */;
			proxyType = 2;
			remoteGlobalIDString = BCA3F31C17239B6500E28AEC;
			remoteInfo = GPUImage;
		};
/* End PBXContainerItemProxy section */

/* Begin PBXCopyFilesBuildPhase section */
		79C26E251A5EE5210054857C /* CopyFiles */ = {
			isa = PBXCopyFilesBuildPhase;
			buildActionMask = 2147483647;
			dstPath = "";
			dstSubfolderSpec = 10;
			files = (
				BCF8E9E51A75DE67005AE243 /* GPUImage.framework in CopyFiles */,
			);
			runOnlyForDeploymentPostprocessing = 0;
		};
/* End PBXCopyFilesBuildPhase section */

/* Begin PBXFileReference section */
		52356F342126C38500A49F5F /* MadvPanoGPUIRenderer.h */ = {isa = PBXFileReference; fileEncoding = 4; lastKnownFileType = sourcecode.c.h; path = MadvPanoGPUIRenderer.h; sourceTree = "<group>"; };
		52356F352126C38500A49F5F /* MadvPanoGPUIRenderer.mm */ = {isa = PBXFileReference; fileEncoding = 4; lastKnownFileType = sourcecode.cpp.objcpp; path = MadvPanoGPUIRenderer.mm; sourceTree = "<group>"; };
		575AD8C81BEA6FC60088E866 /* sample_iPod.m4v */ = {isa = PBXFileReference; lastKnownFileType = file; path = sample_iPod.m4v; sourceTree = "<group>"; };
		79C26E201A5EDD1C0054857C /* SLSSimpleVideoFileFilterWindowController.h */ = {isa = PBXFileReference; fileEncoding = 4; lastKnownFileType = sourcecode.c.h; path = SLSSimpleVideoFileFilterWindowController.h; sourceTree = "<group>"; };
		79C26E211A5EDD1C0054857C /* SLSSimpleVideoFileFilterWindowController.mm */ = {isa = PBXFileReference; fileEncoding = 4; lastKnownFileType = sourcecode.cpp.objcpp; path = SLSSimpleVideoFileFilterWindowController.mm; sourceTree = "<group>"; };
		79C26E2D1A5F02B70054857C /* SLSSimpleVideoFileFilterWindowController.xib */ = {isa = PBXFileReference; fileEncoding = 4; lastKnownFileType = file.xib; path = SLSSimpleVideoFileFilterWindowController.xib; sourceTree = "<group>"; };
		79E8A5F41A5ED6A700E6A226 /* MADV Stitch Tool.app */ = {isa = PBXFileReference; explicitFileType = wrapper.application; includeInIndex = 0; path = "MADV Stitch Tool.app"; sourceTree = BUILT_PRODUCTS_DIR; };
		79E8A5F81A5ED6A700E6A226 /* Info.plist */ = {isa = PBXFileReference; lastKnownFileType = text.plist.xml; path = Info.plist; sourceTree = "<group>"; };
		79E8A5F91A5ED6A700E6A226 /* AppDelegate.h */ = {isa = PBXFileReference; lastKnownFileType = sourcecode.c.h; path = AppDelegate.h; sourceTree = "<group>"; };
		79E8A5FA1A5ED6A700E6A226 /* AppDelegate.m */ = {isa = PBXFileReference; lastKnownFileType = sourcecode.c.objc; path = AppDelegate.m; sourceTree = "<group>"; };
		79E8A5FC1A5ED6A700E6A226 /* main.m */ = {isa = PBXFileReference; lastKnownFileType = sourcecode.c.objc; path = main.m; sourceTree = "<group>"; };
		79E8A5FE1A5ED6A700E6A226 /* Images.xcassets */ = {isa = PBXFileReference; lastKnownFileType = folder.assetcatalog; path = Images.xcassets; sourceTree = "<group>"; };
		79E8A6011A5ED6A700E6A226 /* Base */ = {isa = PBXFileReference; lastKnownFileType = file.xib; name = Base; path = Base.lproj/MainMenu.xib; sourceTree = "<group>"; };
		79E8A6071A5ED6A700E6A226 /* SimpleVideoFileFilter.xctest */ = {isa = PBXFileReference; explicitFileType = wrapper.cfbundle; includeInIndex = 0; path = SimpleVideoFileFilter.xctest; sourceTree = BUILT_PRODUCTS_DIR; };
		79E8A60C1A5ED6A700E6A226 /* Info.plist */ = {isa = PBXFileReference; lastKnownFileType = text.plist.xml; path = Info.plist; sourceTree = "<group>"; };
		79E8A60D1A5ED6A700E6A226 /* SimpleVideoFilterTests.m */ = {isa = PBXFileReference; lastKnownFileType = sourcecode.c.objc; path = SimpleVideoFilterTests.m; sourceTree = "<group>"; };
		BB5F5BF8213637CE003386A9 /* MediaCollectionViewItem.xib */ = {isa = PBXFileReference; lastKnownFileType = file.xib; path = MediaCollectionViewItem.xib; sourceTree = "<group>"; };
		BB5F5C0321365247003386A9 /* MediaCollectionWindowController.h */ = {isa = PBXFileReference; lastKnownFileType = sourcecode.c.h; path = MediaCollectionWindowController.h; sourceTree = "<group>"; };
		BB5F5C0421365247003386A9 /* MediaCollectionWindowController.m */ = {isa = PBXFileReference; explicitFileType = sourcecode.cpp.objcpp; path = MediaCollectionWindowController.m; sourceTree = "<group>"; };
		BB5F5C0521365247003386A9 /* MediaCollectionWindowController.xib */ = {isa = PBXFileReference; lastKnownFileType = file.xib; path = MediaCollectionWindowController.xib; sourceTree = "<group>"; };
		BBDF50C621257A6000491DE4 /* ISOBMFF.xcodeproj */ = {isa = PBXFileReference; lastKnownFileType = "wrapper.pb-project"; name = ISOBMFF.xcodeproj; path = ../../../../../ISOBMFF/ISOBMFF.xcodeproj; sourceTree = "<group>"; };
		BBEAF8872125602900766C02 /* MADVPano_Unix.xcodeproj */ = {isa = PBXFileReference; lastKnownFileType = "wrapper.pb-project"; name = MADVPano_Unix.xcodeproj; path = ../../../../../MADVPano_Unix/MADVPano_Unix.xcodeproj; sourceTree = "<group>"; };
		BBEAF8CC2125746F00766C02 /* MadvMP4BoxParser.mm */ = {isa = PBXFileReference; lastKnownFileType = sourcecode.cpp.objcpp; path = MadvMP4BoxParser.mm; sourceTree = "<group>"; };
		BBEAF8CD2125746F00766C02 /* MadvMP4BoxParser.hpp */ = {isa = PBXFileReference; lastKnownFileType = sourcecode.cpp.h; path = MadvMP4BoxParser.hpp; sourceTree = "<group>"; };
		BCF8E9DD1A75DE3F005AE243 /* GPUImageMac.xcodeproj */ = {isa = PBXFileReference; lastKnownFileType = "wrapper.pb-project"; name = GPUImageMac.xcodeproj; path = ../../../../framework/GPUImageMac.xcodeproj; sourceTree = "<group>"; };
/* End PBXFileReference section */

/* Begin PBXFrameworksBuildPhase section */
		79E8A5F11A5ED6A700E6A226 /* Frameworks */ = {
			isa = PBXFrameworksBuildPhase;
			buildActionMask = 2147483647;
			files = (
				BBDF50D821257A7900491DE4 /* ISOBMFF.framework in Frameworks */,
				BBEAF8922125603800766C02 /* MADVPanoFramework_macOS.framework in Frameworks */,
			);
			runOnlyForDeploymentPostprocessing = 0;
		};
		79E8A6041A5ED6A700E6A226 /* Frameworks */ = {
			isa = PBXFrameworksBuildPhase;
			buildActionMask = 2147483647;
			files = (
			);
			runOnlyForDeploymentPostprocessing = 0;
		};
/* End PBXFrameworksBuildPhase section */

/* Begin PBXGroup section */
		79E8A5EB1A5ED6A700E6A226 = {
			isa = PBXGroup;
			children = (
				79E8A5F61A5ED6A700E6A226 /* SimpleVideoFileFilter */,
				79E8A61D1A5ED97400E6A226 /* Frameworks */,
				79E8A60A1A5ED6A700E6A226 /* SimpleVideoFilterTests */,
				79E8A5F51A5ED6A700E6A226 /* Products */,
			);
			sourceTree = "<group>";
		};
		79E8A5F51A5ED6A700E6A226 /* Products */ = {
			isa = PBXGroup;
			children = (
				79E8A5F41A5ED6A700E6A226 /* MADV Stitch Tool.app */,
				79E8A6071A5ED6A700E6A226 /* SimpleVideoFileFilter.xctest */,
			);
			name = Products;
			sourceTree = "<group>";
		};
		79E8A5F61A5ED6A700E6A226 /* SimpleVideoFileFilter */ = {
			isa = PBXGroup;
			children = (
				52356F342126C38500A49F5F /* MadvPanoGPUIRenderer.h */,
				52356F352126C38500A49F5F /* MadvPanoGPUIRenderer.mm */,
				79E8A5F91A5ED6A700E6A226 /* AppDelegate.h */,
				79E8A5FA1A5ED6A700E6A226 /* AppDelegate.m */,
				79C26E201A5EDD1C0054857C /* SLSSimpleVideoFileFilterWindowController.h */,
				79C26E211A5EDD1C0054857C /* SLSSimpleVideoFileFilterWindowController.mm */,
				79C26E2D1A5F02B70054857C /* SLSSimpleVideoFileFilterWindowController.xib */,
				79E8A5FE1A5ED6A700E6A226 /* Images.xcassets */,
				79E8A6001A5ED6A700E6A226 /* MainMenu.xib */,
				79E8A5F71A5ED6A700E6A226 /* Supporting Files */,
				BBEAF8CC2125746F00766C02 /* MadvMP4BoxParser.mm */,
				BBEAF8CD2125746F00766C02 /* MadvMP4BoxParser.hpp */,
				BB5F5BF8213637CE003386A9 /* MediaCollectionViewItem.xib */,
				BB5F5C0321365247003386A9 /* MediaCollectionWindowController.h */,
				BB5F5C0421365247003386A9 /* MediaCollectionWindowController.m */,
				BB5F5C0521365247003386A9 /* MediaCollectionWindowController.xib */,
			);
			name = SimpleVideoFileFilter;
			path = SimpleVideoFilter;
			sourceTree = "<group>";
		};
		79E8A5F71A5ED6A700E6A226 /* Supporting Files */ = {
			isa = PBXGroup;
			children = (
				575AD8C81BEA6FC60088E866 /* sample_iPod.m4v */,
				79E8A5F81A5ED6A700E6A226 /* Info.plist */,
				79E8A5FC1A5ED6A700E6A226 /* main.m */,
			);
			name = "Supporting Files";
			sourceTree = "<group>";
		};
		79E8A60A1A5ED6A700E6A226 /* SimpleVideoFilterTests */ = {
			isa = PBXGroup;
			children = (
				79E8A60D1A5ED6A700E6A226 /* SimpleVideoFilterTests.m */,
				79E8A60B1A5ED6A700E6A226 /* Supporting Files */,
			);
			path = SimpleVideoFilterTests;
			sourceTree = "<group>";
		};
		79E8A60B1A5ED6A700E6A226 /* Supporting Files */ = {
			isa = PBXGroup;
			children = (
				79E8A60C1A5ED6A700E6A226 /* Info.plist */,
			);
			name = "Supporting Files";
			sourceTree = "<group>";
		};
		79E8A61D1A5ED97400E6A226 /* Frameworks */ = {
			isa = PBXGroup;
			children = (
				BBDF50C621257A6000491DE4 /* ISOBMFF.xcodeproj */,
				BBEAF8872125602900766C02 /* MADVPano_Unix.xcodeproj */,
				BCF8E9DD1A75DE3F005AE243 /* GPUImageMac.xcodeproj */,
			);
			name = Frameworks;
			path = SimpleVideoFilterTests;
			sourceTree = "<group>";
		};
		BBDF50C721257A6000491DE4 /* Products */ = {
			isa = PBXGroup;
			children = (
				BBDF50CF21257A6000491DE4 /* libISOBMFF_macOS.a */,
				BBDF50D121257A6000491DE4 /* ISOBMFF-Tests.xctest */,
				BBDF50D321257A6000491DE4 /* ISOBMFF-Dump */,
				BBDF50D521257A6000491DE4 /* ISOBMFF.framework */,
			);
			name = Products;
			sourceTree = "<group>";
		};
		BBEAF8882125602900766C02 /* Products */ = {
			isa = PBXGroup;
			children = (
				BBEAF88D2125602B00766C02 /* MADVPano_Unix */,
				BBEAF88F2125602B00766C02 /* MADVPanoFramework_macOS.framework */,
				52356F332126734D00A49F5F /* MADVPano_Mac */,
			);
			name = Products;
			sourceTree = "<group>";
		};
		BCF8E9DE1A75DE3F005AE243 /* Products */ = {
			isa = PBXGroup;
			children = (
				BCF8E9E21A75DE3F005AE243 /* GPUImage.framework */,
			);
			name = Products;
			sourceTree = "<group>";
		};
/* End PBXGroup section */

/* Begin PBXNativeTarget section */
		79E8A5F31A5ED6A700E6A226 /* SimpleVideoFileFilter */ = {
			isa = PBXNativeTarget;
			buildConfigurationList = 79E8A6111A5ED6A700E6A226 /* Build configuration list for PBXNativeTarget "SimpleVideoFileFilter" */;
			buildPhases = (
				79E8A5F01A5ED6A700E6A226 /* Sources */,
				79E8A5F11A5ED6A700E6A226 /* Frameworks */,
				79E8A5F21A5ED6A700E6A226 /* Resources */,
				79C26E251A5EE5210054857C /* CopyFiles */,
			);
			buildRules = (
			);
			dependencies = (
				52356F382126C50400A49F5F /* PBXTargetDependency */,
				BBDF50D721257A6C00491DE4 /* PBXTargetDependency */,
				BBEAF8912125603200766C02 /* PBXTargetDependency */,
			);
			name = SimpleVideoFileFilter;
			productName = SimpleVideoFilter;
			productReference = 79E8A5F41A5ED6A700E6A226 /* MADV Stitch Tool.app */;
			productType = "com.apple.product-type.application";
		};
		79E8A6061A5ED6A700E6A226 /* SimpleVideoFileFilterTests */ = {
			isa = PBXNativeTarget;
			buildConfigurationList = 79E8A6141A5ED6A700E6A226 /* Build configuration list for PBXNativeTarget "SimpleVideoFileFilterTests" */;
			buildPhases = (
				79E8A6031A5ED6A700E6A226 /* Sources */,
				79E8A6041A5ED6A700E6A226 /* Frameworks */,
				79E8A6051A5ED6A700E6A226 /* Resources */,
			);
			buildRules = (
			);
			dependencies = (
				79E8A6091A5ED6A700E6A226 /* PBXTargetDependency */,
			);
			name = SimpleVideoFileFilterTests;
			productName = SimpleVideoFilterTests;
			productReference = 79E8A6071A5ED6A700E6A226 /* SimpleVideoFileFilter.xctest */;
			productType = "com.apple.product-type.bundle.unit-test";
		};
/* End PBXNativeTarget section */

/* Begin PBXProject section */
		79E8A5EC1A5ED6A700E6A226 /* Project object */ = {
			isa = PBXProject;
			attributes = {
				LastUpgradeCheck = 0610;
				ORGANIZATIONNAME = "Red Queen Coder, LLC";
				TargetAttributes = {
					79E8A5F31A5ED6A700E6A226 = {
						CreatedOnToolsVersion = 6.1.1;
					};
					79E8A6061A5ED6A700E6A226 = {
						CreatedOnToolsVersion = 6.1.1;
						TestTargetID = 79E8A5F31A5ED6A700E6A226;
					};
				};
			};
			buildConfigurationList = 79E8A5EF1A5ED6A700E6A226 /* Build configuration list for PBXProject "SimpleVideoFileFilter" */;
			compatibilityVersion = "Xcode 3.2";
			developmentRegion = English;
			hasScannedForEncodings = 0;
			knownRegions = (
				en,
				Base,
			);
			mainGroup = 79E8A5EB1A5ED6A700E6A226;
			productRefGroup = 79E8A5F51A5ED6A700E6A226 /* Products */;
			projectDirPath = "";
			projectReferences = (
				{
					ProductGroup = BCF8E9DE1A75DE3F005AE243 /* Products */;
					ProjectRef = BCF8E9DD1A75DE3F005AE243 /* GPUImageMac.xcodeproj */;
				},
				{
					ProductGroup = BBDF50C721257A6000491DE4 /* Products */;
					ProjectRef = BBDF50C621257A6000491DE4 /* ISOBMFF.xcodeproj */;
				},
				{
					ProductGroup = BBEAF8882125602900766C02 /* Products */;
					ProjectRef = BBEAF8872125602900766C02 /* MADVPano_Unix.xcodeproj */;
				},
			);
			projectRoot = "";
			targets = (
				79E8A5F31A5ED6A700E6A226 /* SimpleVideoFileFilter */,
				79E8A6061A5ED6A700E6A226 /* SimpleVideoFileFilterTests */,
			);
		};
/* End PBXProject section */

/* Begin PBXReferenceProxy section */
		52356F332126734D00A49F5F /* MADVPano_Mac */ = {
			isa = PBXReferenceProxy;
			fileType = "compiled.mach-o.executable";
			path = MADVPano_Mac;
			remoteRef = 52356F322126734D00A49F5F /* PBXContainerItemProxy */;
			sourceTree = BUILT_PRODUCTS_DIR;
		};
		BBDF50CF21257A6000491DE4 /* libISOBMFF_macOS.a */ = {
			isa = PBXReferenceProxy;
			fileType = archive.ar;
			path = libISOBMFF_macOS.a;
			remoteRef = BBDF50CE21257A6000491DE4 /* PBXContainerItemProxy */;
			sourceTree = BUILT_PRODUCTS_DIR;
		};
		BBDF50D121257A6000491DE4 /* ISOBMFF-Tests.xctest */ = {
			isa = PBXReferenceProxy;
			fileType = wrapper.cfbundle;
			path = "ISOBMFF-Tests.xctest";
			remoteRef = BBDF50D021257A6000491DE4 /* PBXContainerItemProxy */;
			sourceTree = BUILT_PRODUCTS_DIR;
		};
		BBDF50D321257A6000491DE4 /* ISOBMFF-Dump */ = {
			isa = PBXReferenceProxy;
			fileType = "compiled.mach-o.executable";
			path = "ISOBMFF-Dump";
			remoteRef = BBDF50D221257A6000491DE4 /* PBXContainerItemProxy */;
			sourceTree = BUILT_PRODUCTS_DIR;
		};
		BBDF50D521257A6000491DE4 /* ISOBMFF.framework */ = {
			isa = PBXReferenceProxy;
			fileType = wrapper.framework;
			path = ISOBMFF.framework;
			remoteRef = BBDF50D421257A6000491DE4 /* PBXContainerItemProxy */;
			sourceTree = BUILT_PRODUCTS_DIR;
		};
		BBEAF88D2125602B00766C02 /* MADVPano_Unix */ = {
			isa = PBXReferenceProxy;
			fileType = "compiled.mach-o.executable";
			path = MADVPano_Unix;
			remoteRef = BBEAF88C2125602B00766C02 /* PBXContainerItemProxy */;
			sourceTree = BUILT_PRODUCTS_DIR;
		};
		BBEAF88F2125602B00766C02 /* MADVPanoFramework_macOS.framework */ = {
			isa = PBXReferenceProxy;
			fileType = wrapper.framework;
			path = MADVPanoFramework_macOS.framework;
			remoteRef = BBEAF88E2125602B00766C02 /* PBXContainerItemProxy */;
			sourceTree = BUILT_PRODUCTS_DIR;
		};
		BCF8E9E21A75DE3F005AE243 /* GPUImage.framework */ = {
			isa = PBXReferenceProxy;
			fileType = wrapper.framework;
			path = GPUImage.framework;
			remoteRef = BCF8E9E11A75DE3F005AE243 /* PBXContainerItemProxy */;
			sourceTree = BUILT_PRODUCTS_DIR;
		};
/* End PBXReferenceProxy section */

/* Begin PBXResourcesBuildPhase section */
		79E8A5F21A5ED6A700E6A226 /* Resources */ = {
			isa = PBXResourcesBuildPhase;
			buildActionMask = 2147483647;
			files = (
				79E8A5FF1A5ED6A700E6A226 /* Images.xcassets in Resources */,
				BB5F5BF9213637CE003386A9 /* MediaCollectionViewItem.xib in Resources */,
				575AD8C91BEA6FC60088E866 /* sample_iPod.m4v in Resources */,
				79C26E2E1A5F02B70054857C /* SLSSimpleVideoFileFilterWindowController.xib in Resources */,
				BB5F5C0821365247003386A9 /* MediaCollectionWindowController.xib in Resources */,
				79E8A6021A5ED6A700E6A226 /* MainMenu.xib in Resources */,
			);
			runOnlyForDeploymentPostprocessing = 0;
		};
		79E8A6051A5ED6A700E6A226 /* Resources */ = {
			isa = PBXResourcesBuildPhase;
			buildActionMask = 2147483647;
			files = (
				BB5F5BFA213637CE003386A9 /* MediaCollectionViewItem.xib in Resources */,
				BB5F5C0921365247003386A9 /* MediaCollectionWindowController.xib in Resources */,
			);
			runOnlyForDeploymentPostprocessing = 0;
		};
/* End PBXResourcesBuildPhase section */

/* Begin PBXSourcesBuildPhase section */
		79E8A5F01A5ED6A700E6A226 /* Sources */ = {
			isa = PBXSourcesBuildPhase;
			buildActionMask = 2147483647;
			files = (
				BB5F5C0621365247003386A9 /* MediaCollectionWindowController.m in Sources */,
				BBEAF8CE2125746F00766C02 /* MadvMP4BoxParser.mm in Sources */,
				79E8A5FD1A5ED6A700E6A226 /* main.m in Sources */,
				79E8A5FB1A5ED6A700E6A226 /* AppDelegate.m in Sources */,
				52356F362126C38500A49F5F /* MadvPanoGPUIRenderer.mm in Sources */,
				79C26E221A5EDD1C0054857C /* SLSSimpleVideoFileFilterWindowController.mm in Sources */,
			);
			runOnlyForDeploymentPostprocessing = 0;
		};
		79E8A6031A5ED6A700E6A226 /* Sources */ = {
			isa = PBXSourcesBuildPhase;
			buildActionMask = 2147483647;
			files = (
				BB5F5C0721365247003386A9 /* MediaCollectionWindowController.m in Sources */,
				79E8A60E1A5ED6A700E6A226 /* SimpleVideoFilterTests.m in Sources */,
			);
			runOnlyForDeploymentPostprocessing = 0;
		};
/* End PBXSourcesBuildPhase section */

/* Begin PBXTargetDependency section */
		52356F382126C50400A49F5F /* PBXTargetDependency */ = {
			isa = PBXTargetDependency;
			name = GPUImage;
			targetProxy = 52356F372126C50400A49F5F /* PBXContainerItemProxy */;
		};
		79E8A6091A5ED6A700E6A226 /* PBXTargetDependency */ = {
			isa = PBXTargetDependency;
			target = 79E8A5F31A5ED6A700E6A226 /* SimpleVideoFileFilter */;
			targetProxy = 79E8A6081A5ED6A700E6A226 /* PBXContainerItemProxy */;
		};
		BBDF50D721257A6C00491DE4 /* PBXTargetDependency */ = {
			isa = PBXTargetDependency;
			name = ISOBMFF_macOS;
			targetProxy = BBDF50D621257A6C00491DE4 /* PBXContainerItemProxy */;
		};
		BBEAF8912125603200766C02 /* PBXTargetDependency */ = {
			isa = PBXTargetDependency;
			name = MADVPanoFramework_macOS;
			targetProxy = BBEAF8902125603200766C02 /* PBXContainerItemProxy */;
		};
/* End PBXTargetDependency section */

/* Begin PBXVariantGroup section */
		79E8A6001A5ED6A700E6A226 /* MainMenu.xib */ = {
			isa = PBXVariantGroup;
			children = (
				79E8A6011A5ED6A700E6A226 /* Base */,
			);
			name = MainMenu.xib;
			sourceTree = "<group>";
		};
/* End PBXVariantGroup section */

/* Begin XCBuildConfiguration section */
		79E8A60F1A5ED6A700E6A226 /* Debug */ = {
			isa = XCBuildConfiguration;
			buildSettings = {
				ALWAYS_SEARCH_USER_PATHS = NO;
				CLANG_CXX_LANGUAGE_STANDARD = "gnu++0x";
				CLANG_CXX_LIBRARY = "libc++";
				CLANG_ENABLE_MODULES = YES;
				CLANG_ENABLE_OBJC_ARC = YES;
				CLANG_WARN_BOOL_CONVERSION = YES;
				CLANG_WARN_CONSTANT_CONVERSION = YES;
				CLANG_WARN_DIRECT_OBJC_ISA_USAGE = YES_ERROR;
				CLANG_WARN_EMPTY_BODY = YES;
				CLANG_WARN_ENUM_CONVERSION = YES;
				CLANG_WARN_INT_CONVERSION = YES;
				CLANG_WARN_OBJC_ROOT_CLASS = YES_ERROR;
				CLANG_WARN_UNREACHABLE_CODE = YES;
				CLANG_WARN__DUPLICATE_METHOD_MATCH = YES;
				CODE_SIGN_IDENTITY = "-";
				COPY_PHASE_STRIP = NO;
				ENABLE_STRICT_OBJC_MSGSEND = YES;
				GCC_C_LANGUAGE_STANDARD = gnu99;
				GCC_DYNAMIC_NO_PIC = NO;
				GCC_OPTIMIZATION_LEVEL = 0;
				GCC_PREPROCESSOR_DEFINITIONS = (
					"DEBUG=1",
					"$(inherited)",
					TARGET_OS_OSX,
					"USE_GLMAPBUFFER=1",
				);
				GCC_SYMBOLS_PRIVATE_EXTERN = NO;
				GCC_WARN_64_TO_32_BIT_CONVERSION = YES;
				GCC_WARN_ABOUT_RETURN_TYPE = YES_ERROR;
				GCC_WARN_UNDECLARED_SELECTOR = YES;
				GCC_WARN_UNINITIALIZED_AUTOS = YES_AGGRESSIVE;
				GCC_WARN_UNUSED_FUNCTION = YES;
				GCC_WARN_UNUSED_VARIABLE = YES;
				MACOSX_DEPLOYMENT_TARGET = 10.10;
				MTL_ENABLE_DEBUG_INFO = YES;
				ONLY_ACTIVE_ARCH = YES;
				SDKROOT = macosx;
			};
			name = Debug;
		};
		79E8A6101A5ED6A700E6A226 /* Release */ = {
			isa = XCBuildConfiguration;
			buildSettings = {
				ALWAYS_SEARCH_USER_PATHS = NO;
				CLANG_CXX_LANGUAGE_STANDARD = "gnu++0x";
				CLANG_CXX_LIBRARY = "libc++";
				CLANG_ENABLE_MODULES = YES;
				CLANG_ENABLE_OBJC_ARC = YES;
				CLANG_WARN_BOOL_CONVERSION = YES;
				CLANG_WARN_CONSTANT_CONVERSION = YES;
				CLANG_WARN_DIRECT_OBJC_ISA_USAGE = YES_ERROR;
				CLANG_WARN_EMPTY_BODY = YES;
				CLANG_WARN_ENUM_CONVERSION = YES;
				CLANG_WARN_INT_CONVERSION = YES;
				CLANG_WARN_OBJC_ROOT_CLASS = YES_ERROR;
				CLANG_WARN_UNREACHABLE_CODE = YES;
				CLANG_WARN__DUPLICATE_METHOD_MATCH = YES;
				CODE_SIGN_IDENTITY = "-";
				COPY_PHASE_STRIP = YES;
				DEBUG_INFORMATION_FORMAT = "dwarf-with-dsym";
				ENABLE_NS_ASSERTIONS = NO;
				ENABLE_STRICT_OBJC_MSGSEND = YES;
				GCC_C_LANGUAGE_STANDARD = gnu99;
				GCC_PREPROCESSOR_DEFINITIONS = (
					TARGET_OS_OSX,
					"USE_GLMAPBUFFER=1",
				);
				GCC_WARN_64_TO_32_BIT_CONVERSION = YES;
				GCC_WARN_ABOUT_RETURN_TYPE = YES_ERROR;
				GCC_WARN_UNDECLARED_SELECTOR = YES;
				GCC_WARN_UNINITIALIZED_AUTOS = YES_AGGRESSIVE;
				GCC_WARN_UNUSED_FUNCTION = YES;
				GCC_WARN_UNUSED_VARIABLE = YES;
				MACOSX_DEPLOYMENT_TARGET = 10.10;
				MTL_ENABLE_DEBUG_INFO = NO;
				SDKROOT = macosx;
			};
			name = Release;
		};
		79E8A6121A5ED6A700E6A226 /* Debug */ = {
			isa = XCBuildConfiguration;
			buildSettings = {
				ASSETCATALOG_COMPILER_APPICON_NAME = AppIcon;
				COMBINE_HIDPI_IMAGES = YES;
				FRAMEWORK_SEARCH_PATHS = "$(inherited)";
				INFOPLIST_FILE = SimpleVideoFilter/Info.plist;
				LD_RUNPATH_SEARCH_PATHS = "$(inherited) @executable_path/../Frameworks";
				LIBRARY_SEARCH_PATHS = (
					"$(inherited)",
					"$(PROJECT_DIR)/ISOBMFF/lib",
				);
				PRODUCT_NAME = "MADV Stitch Tool";
				STRIP_INSTALLED_PRODUCT = NO;
				STRIP_STYLE = "non-global";
				STRIP_SWIFT_SYMBOLS = NO;
			};
			name = Debug;
		};
		79E8A6131A5ED6A700E6A226 /* Release */ = {
			isa = XCBuildConfiguration;
			buildSettings = {
				ASSETCATALOG_COMPILER_APPICON_NAME = AppIcon;
				COMBINE_HIDPI_IMAGES = YES;
				COPY_PHASE_STRIP = NO;
				FRAMEWORK_SEARCH_PATHS = "$(inherited)";
				INFOPLIST_FILE = SimpleVideoFilter/Info.plist;
				LD_RUNPATH_SEARCH_PATHS = "$(inherited) @executable_path/../Frameworks";
				LIBRARY_SEARCH_PATHS = (
					"$(inherited)",
					"$(PROJECT_DIR)/ISOBMFF/lib",
				);
				PRODUCT_NAME = "MADV Stitch Tool";
				STRIP_INSTALLED_PRODUCT = NO;
				STRIP_STYLE = "non-global";
				STRIP_SWIFT_SYMBOLS = NO;
			};
			name = Release;
		};
		79E8A6151A5ED6A700E6A226 /* Debug */ = {
			isa = XCBuildConfiguration;
			buildSettings = {
				BUNDLE_LOADER = "$(TEST_HOST)";
				COMBINE_HIDPI_IMAGES = YES;
				FRAMEWORK_SEARCH_PATHS = (
					"$(DEVELOPER_FRAMEWORKS_DIR)",
					"$(inherited)",
				);
				GCC_PREPROCESSOR_DEFINITIONS = (
					"DEBUG=1",
					"$(inherited)",
				);
				INFOPLIST_FILE = SimpleVideoFilterTests/Info.plist;
				LD_RUNPATH_SEARCH_PATHS = "$(inherited) @executable_path/../Frameworks @loader_path/../Frameworks";
				PRODUCT_NAME = SimpleVideoFileFilter;
				TEST_HOST = "$(BUILT_PRODUCTS_DIR)/SimpleVideoFileFilter.app/Contents/MacOS/SimpleVideoFileFilter";
			};
			name = Debug;
		};
		79E8A6161A5ED6A700E6A226 /* Release */ = {
			isa = XCBuildConfiguration;
			buildSettings = {
				BUNDLE_LOADER = "$(TEST_HOST)";
				COMBINE_HIDPI_IMAGES = YES;
				FRAMEWORK_SEARCH_PATHS = (
					"$(DEVELOPER_FRAMEWORKS_DIR)",
					"$(inherited)",
				);
				INFOPLIST_FILE = SimpleVideoFilterTests/Info.plist;
				LD_RUNPATH_SEARCH_PATHS = "$(inherited) @executable_path/../Frameworks @loader_path/../Frameworks";
				PRODUCT_NAME = SimpleVideoFileFilter;
				TEST_HOST = "$(BUILT_PRODUCTS_DIR)/SimpleVideoFileFilter.app/Contents/MacOS/SimpleVideoFileFilter";
			};
			name = Release;
		};
/* End XCBuildConfiguration section */

/* Begin XCConfigurationList section */
		79E8A5EF1A5ED6A700E6A226 /* Build configuration list for PBXProject "SimpleVideoFileFilter" */ = {
			isa = XCConfigurationList;
			buildConfigurations = (
				79E8A60F1A5ED6A700E6A226 /* Debug */,
				79E8A6101A5ED6A700E6A226 /* Release */,
			);
			defaultConfigurationIsVisible = 0;
			defaultConfigurationName = Release;
		};
		79E8A6111A5ED6A700E6A226 /* Build configuration list for PBXNativeTarget "SimpleVideoFileFilter" */ = {
			isa = XCConfigurationList;
			buildConfigurations = (
				79E8A6121A5ED6A700E6A226 /* Debug */,
				79E8A6131A5ED6A700E6A226 /* Release */,
			);
			defaultConfigurationIsVisible = 0;
			defaultConfigurationName = Release;
		};
		79E8A6141A5ED6A700E6A226 /* Build configuration list for PBXNativeTarget "SimpleVideoFileFilterTests" */ = {
			isa = XCConfigurationList;
			buildConfigurations = (
				79E8A6151A5ED6A700E6A226 /* Debug */,
				79E8A6161A5ED6A700E6A226 /* Release */,
			);
			defaultConfigurationIsVisible = 0;
			defaultConfigurationName = Release;
		};
/* End XCConfigurationList section */
	};
	rootObject = 79E8A5EC1A5ED6A700E6A226 /* Project object */;
}
