// !$*UTF8*$!
{
	archiveVersion = 1;
	classes = {
	};
	objectVersion = 46;
	objects = {

/* Begin PBXBuildFile section */
		520DA6D91ED7248C009E4705 /* main.m in Sources */ = {isa = PBXBuildFile; fileRef = 520DA6D81ED7248C009E4705 /* main.m */; };
		520DA6DC1ED7248C009E4705 /* AppDelegate.m in Sources */ = {isa = PBXBuildFile; fileRef = 520DA6DB1ED7248C009E4705 /* AppDelegate.m */; };
		520DA6DF1ED7248C009E4705 /* CameraPlayerViewController.m in Sources */ = {isa = PBXBuildFile; fileRef = 520DA6DE1ED7248C009E4705 /* CameraPlayerViewController.m */; };
		520DA6E41ED7248C009E4705 /* Assets.xcassets in Resources */ = {isa = PBXBuildFile; fileRef = 520DA6E31ED7248C009E4705 /* Assets.xcassets */; };
		520DA6E71ED7248C009E4705 /* LaunchScreen.storyboard in Resources */ = {isa = PBXBuildFile; fileRef = 520DA6E51ED7248C009E4705 /* LaunchScreen.storyboard */; };
		520DA6F21ED7248C009E4705 /* PlayerCameraUITests.m in Sources */ = {isa = PBXBuildFile; fileRef = 520DA6F11ED7248C009E4705 /* PlayerCameraUITests.m */; };
		520DA7291ED72AC1009E4705 /* libGPUImage.a in Frameworks */ = {isa = PBXBuildFile; fileRef = 520DA71A1ED72823009E4705 /* libGPUImage.a */; };
		520DA72B1ED72AC7009E4705 /* CoreMedia.framework in Frameworks */ = {isa = PBXBuildFile; fileRef = 520DA72A1ED72AC7009E4705 /* CoreMedia.framework */; };
		520DA72D1ED72ACD009E4705 /* OpenGLES.framework in Frameworks */ = {isa = PBXBuildFile; fileRef = 520DA72C1ED72ACD009E4705 /* OpenGLES.framework */; };
		520DA72F1ED72ADC009E4705 /* CoreVideo.framework in Frameworks */ = {isa = PBXBuildFile; fileRef = 520DA72E1ED72ADC009E4705 /* CoreVideo.framework */; };
		520DA7311ED72AE1009E4705 /* AVFoundation.framework in Frameworks */ = {isa = PBXBuildFile; fileRef = 520DA7301ED72AE1009E4705 /* AVFoundation.framework */; };
		520DA7331ED72AE6009E4705 /* QuartzCore.framework in Frameworks */ = {isa = PBXBuildFile; fileRef = 520DA7321ED72AE6009E4705 /* QuartzCore.framework */; };
		5214AF63206405920076405A /* libz.tbd in Frameworks */ = {isa = PBXBuildFile; fileRef = 5214AF62206405910076405A /* libz.tbd */; };
		52257C7F20ABE01600140039 /* IJKMediaFrameworkWithSSL.framework in Frameworks */ = {isa = PBXBuildFile; fileRef = 52CB035820550F0F00329861 /* IJKMediaFrameworkWithSSL.framework */; };
		52257C8020ABE01600140039 /* IJKMediaFrameworkWithSSL.framework in Embed Frameworks */ = {isa = PBXBuildFile; fileRef = 52CB035820550F0F00329861 /* IJKMediaFrameworkWithSSL.framework */; settings = {ATTRIBUTES = (CodeSignOnCopy, RemoveHeadersOnCopy, ); }; };
		524F115F20B1B5390045795F /* VideoCollectionViewController.m in Sources */ = {isa = PBXBuildFile; fileRef = 524F115E20B1B5390045795F /* VideoCollectionViewController.m */; };
		524F116020B1B5390045795F /* VideoCollectionViewController.m in Sources */ = {isa = PBXBuildFile; fileRef = 524F115E20B1B5390045795F /* VideoCollectionViewController.m */; };
		524F116720B1B6E40045795F /* UIImage+Blur.m in Sources */ = {isa = PBXBuildFile; fileRef = 524F116620B1B6E40045795F /* UIImage+Blur.m */; };
		524F116820B1B6E40045795F /* UIImage+Blur.m in Sources */ = {isa = PBXBuildFile; fileRef = 524F116620B1B6E40045795F /* UIImage+Blur.m */; };
		524FB92D20B7F5ED006F5FED /* VideoThumbnailCache.m in Sources */ = {isa = PBXBuildFile; fileRef = 524FB92C20B7F5ED006F5FED /* VideoThumbnailCache.m */; };
		5279F99E20F3B583000920CE /* dotletterstiles.png in Resources */ = {isa = PBXBuildFile; fileRef = 5279F99920F3B582000920CE /* dotletterstiles.png */; };
		5279F99F20F3B583000920CE /* dotletterstiles.png in Resources */ = {isa = PBXBuildFile; fileRef = 5279F99920F3B582000920CE /* dotletterstiles.png */; };
		527C39C120EA5EC400CC64AE /* SnapshotEditorViewController.m in Sources */ = {isa = PBXBuildFile; fileRef = 527C39C020EA5EC400CC64AE /* SnapshotEditorViewController.m */; };
		527C39CB20ECB10200CC64AE /* libWeChatSDK.a in Frameworks */ = {isa = PBXBuildFile; fileRef = 527C39C920ECB10100CC64AE /* libWeChatSDK.a */; };
		528114FC20ECB1CC00E2B133 /* libsqlite3.tbd in Frameworks */ = {isa = PBXBuildFile; fileRef = 528114FB20ECB1CC00E2B133 /* libsqlite3.tbd */; };
		528114FE20ECB1DB00E2B133 /* Security.framework in Frameworks */ = {isa = PBXBuildFile; fileRef = 528114FD20ECB1DB00E2B133 /* Security.framework */; };
		5281150020ECB1E600E2B133 /* CFNetwork.framework in Frameworks */ = {isa = PBXBuildFile; fileRef = 528114FF20ECB1E600E2B133 /* CFNetwork.framework */; };
		5281150220ECB1FC00E2B133 /* AddressBook.framework in Frameworks */ = {isa = PBXBuildFile; fileRef = 5281150120ECB1FC00E2B133 /* AddressBook.framework */; };
		5281150920ECBADF00E2B133 /* NSString+OpenGLES.m in Sources */ = {isa = PBXBuildFile; fileRef = 52C4BF9520CC0770002FC393 /* NSString+OpenGLES.m */; };
		5281150A20ECBADF00E2B133 /* CameraPlayerViewController.m in Sources */ = {isa = PBXBuildFile; fileRef = 520DA6DE1ED7248C009E4705 /* CameraPlayerViewController.m */; };
		5281150B20ECBADF00E2B133 /* UIImage+Blur.m in Sources */ = {isa = PBXBuildFile; fileRef = 524F116620B1B6E40045795F /* UIImage+Blur.m */; };
		5281150C20ECBADF00E2B133 /* AppDelegate.m in Sources */ = {isa = PBXBuildFile; fileRef = 520DA6DB1ED7248C009E4705 /* AppDelegate.m */; };
		5281150D20ECBADF00E2B133 /* IJKGPUImage_Vout_iOS_OpenGLES2.m in Sources */ = {isa = PBXBuildFile; fileRef = 52FAF1C62067689000713E1C /* IJKGPUImage_Vout_iOS_OpenGLES2.m */; settings = {COMPILER_FLAGS = "-fno-objc-arc"; }; };
		5281150E20ECBADF00E2B133 /* ISRDataHelper.m in Sources */ = {isa = PBXBuildFile; fileRef = 52D32C3720E3F8EE00E93331 /* ISRDataHelper.m */; };
		5281150F20ECBADF00E2B133 /* IJKGPUImageMovie.m in Sources */ = {isa = PBXBuildFile; fileRef = 52CB035C205511E000329861 /* IJKGPUImageMovie.m */; };
		5281151020ECBADF00E2B133 /* SnapshotEditorViewController.m in Sources */ = {isa = PBXBuildFile; fileRef = 527C39C020EA5EC400CC64AE /* SnapshotEditorViewController.m */; };
		5281151120ECBADF00E2B133 /* VideoCollectionViewController.m in Sources */ = {isa = PBXBuildFile; fileRef = 524F115E20B1B5390045795F /* VideoCollectionViewController.m */; };
		5281151220ECBADF00E2B133 /* main.m in Sources */ = {isa = PBXBuildFile; fileRef = 520DA6D81ED7248C009E4705 /* main.m */; };
		5281151320ECBADF00E2B133 /* IJKGPUImage_GLES2_Renderer.m in Sources */ = {isa = PBXBuildFile; fileRef = 52CED8C020BD0A2200841B29 /* IJKGPUImage_GLES2_Renderer.m */; };
		5281151420ECBADF00E2B133 /* VideoThumbnailCache.m in Sources */ = {isa = PBXBuildFile; fileRef = 524FB92C20B7F5ED006F5FED /* VideoThumbnailCache.m */; };
		5281151520ECBADF00E2B133 /* UIImage+Share.m in Sources */ = {isa = PBXBuildFile; fileRef = 52E2A74620E7307000BB445A /* UIImage+Share.m */; };
		5281151620ECBADF00E2B133 /* IFlyFaceDetectResultParser.m in Sources */ = {isa = PBXBuildFile; fileRef = 52E2A74120E6284700BB445A /* IFlyFaceDetectResultParser.m */; };
		5281151820ECBADF00E2B133 /* AddressBook.framework in Frameworks */ = {isa = PBXBuildFile; fileRef = 5281150120ECB1FC00E2B133 /* AddressBook.framework */; };
		5281151920ECBADF00E2B133 /* CFNetwork.framework in Frameworks */ = {isa = PBXBuildFile; fileRef = 528114FF20ECB1E600E2B133 /* CFNetwork.framework */; };
		5281151A20ECBADF00E2B133 /* CoreTelephony.framework in Frameworks */ = {isa = PBXBuildFile; fileRef = 52D32C2F20E3DF3E00E93331 /* CoreTelephony.framework */; };
		5281151B20ECBADF00E2B133 /* Security.framework in Frameworks */ = {isa = PBXBuildFile; fileRef = 528114FD20ECB1DB00E2B133 /* Security.framework */; };
		5281151C20ECBADF00E2B133 /* libsqlite3.tbd in Frameworks */ = {isa = PBXBuildFile; fileRef = 528114FB20ECB1CC00E2B133 /* libsqlite3.tbd */; };
		5281151D20ECBADF00E2B133 /* SystemConfiguration.framework in Frameworks */ = {isa = PBXBuildFile; fileRef = 52D32C3120E3DF5C00E93331 /* SystemConfiguration.framework */; };
		5281151E20ECBADF00E2B133 /* libWeChatSDK.a in Frameworks */ = {isa = PBXBuildFile; fileRef = 527C39C920ECB10100CC64AE /* libWeChatSDK.a */; };
		5281151F20ECBADF00E2B133 /* AudioToolbox.framework in Frameworks */ = {isa = PBXBuildFile; fileRef = 52D32C2D20E3DE6400E93331 /* AudioToolbox.framework */; };
		5281152020ECBADF00E2B133 /* iflyMSC.framework in Frameworks */ = {isa = PBXBuildFile; fileRef = 52E2A73D20E5306A00BB445A /* iflyMSC.framework */; };
		5281152120ECBADF00E2B133 /* libiconv.tbd in Frameworks */ = {isa = PBXBuildFile; fileRef = BBB7963020B2F6EE0059C1DA /* libiconv.tbd */; };
		5281152220ECBADF00E2B133 /* libbz2.tbd in Frameworks */ = {isa = PBXBuildFile; fileRef = BBB7962B20B2F6E80059C1DA /* libbz2.tbd */; };
		5281152320ECBADF00E2B133 /* libz.tbd in Frameworks */ = {isa = PBXBuildFile; fileRef = 5214AF62206405910076405A /* libz.tbd */; };
		5281152420ECBADF00E2B133 /* libstdc++.tbd in Frameworks */ = {isa = PBXBuildFile; fileRef = 52CAA9D31F66D3D000351014 /* libstdc++.tbd */; };
		5281152520ECBADF00E2B133 /* QuartzCore.framework in Frameworks */ = {isa = PBXBuildFile; fileRef = 520DA7321ED72AE6009E4705 /* QuartzCore.framework */; };
		5281152620ECBADF00E2B133 /* AVFoundation.framework in Frameworks */ = {isa = PBXBuildFile; fileRef = 520DA7301ED72AE1009E4705 /* AVFoundation.framework */; };
		5281152720ECBADF00E2B133 /* CoreVideo.framework in Frameworks */ = {isa = PBXBuildFile; fileRef = 520DA72E1ED72ADC009E4705 /* CoreVideo.framework */; };
		5281152820ECBADF00E2B133 /* OpenGLES.framework in Frameworks */ = {isa = PBXBuildFile; fileRef = 520DA72C1ED72ACD009E4705 /* OpenGLES.framework */; };
		5281152920ECBADF00E2B133 /* CoreMedia.framework in Frameworks */ = {isa = PBXBuildFile; fileRef = 520DA72A1ED72AC7009E4705 /* CoreMedia.framework */; };
		5281152A20ECBADF00E2B133 /* IJKMediaFrameworkWithSSL.framework in Frameworks */ = {isa = PBXBuildFile; fileRef = 52CB035820550F0F00329861 /* IJKMediaFrameworkWithSSL.framework */; };
		5281152B20ECBADF00E2B133 /* libGPUImage.a in Frameworks */ = {isa = PBXBuildFile; fileRef = 520DA71A1ED72823009E4705 /* libGPUImage.a */; };
		5281152D20ECBADF00E2B133 /* LaunchScreen.storyboard in Resources */ = {isa = PBXBuildFile; fileRef = 520DA6E51ED7248C009E4705 /* LaunchScreen.storyboard */; };
		5281152E20ECBADF00E2B133 /* Assets.xcassets in Resources */ = {isa = PBXBuildFile; fileRef = 520DA6E31ED7248C009E4705 /* Assets.xcassets */; };
		5281152F20ECBADF00E2B133 /* Main.storyboard in Resources */ = {isa = PBXBuildFile; fileRef = 520DA6E01ED7248C009E4705 /* Main.storyboard */; };
		5281153120ECBADF00E2B133 /* IJKMediaFrameworkWithSSL.framework in Embed Frameworks */ = {isa = PBXBuildFile; fileRef = 52CB035820550F0F00329861 /* IJKMediaFrameworkWithSSL.framework */; settings = {ATTRIBUTES = (CodeSignOnCopy, RemoveHeadersOnCopy, ); }; };
		5281153920ECBD3D00E2B133 /* WXApiManager.m in Sources */ = {isa = PBXBuildFile; fileRef = 5281153820ECBD3D00E2B133 /* WXApiManager.m */; };
		5281153A20ECBD3D00E2B133 /* WXApiManager.m in Sources */ = {isa = PBXBuildFile; fileRef = 5281153820ECBD3D00E2B133 /* WXApiManager.m */; };
		5281154220ECBEB700E2B133 /* SendMessageToWXReq+requestWithTextOrMediaMessage.m in Sources */ = {isa = PBXBuildFile; fileRef = 5281153F20ECBEB600E2B133 /* SendMessageToWXReq+requestWithTextOrMediaMessage.m */; };
		5281154320ECBEB700E2B133 /* SendMessageToWXReq+requestWithTextOrMediaMessage.m in Sources */ = {isa = PBXBuildFile; fileRef = 5281153F20ECBEB600E2B133 /* SendMessageToWXReq+requestWithTextOrMediaMessage.m */; };
		5281154420ECBEB700E2B133 /* GetMessageFromWXResp+responseWithTextOrMediaMessage.m in Sources */ = {isa = PBXBuildFile; fileRef = 5281154020ECBEB700E2B133 /* GetMessageFromWXResp+responseWithTextOrMediaMessage.m */; };
		5281154520ECBEB700E2B133 /* GetMessageFromWXResp+responseWithTextOrMediaMessage.m in Sources */ = {isa = PBXBuildFile; fileRef = 5281154020ECBEB700E2B133 /* GetMessageFromWXResp+responseWithTextOrMediaMessage.m */; };
		5281154620ECBEB700E2B133 /* WXMediaMessage+messageConstruct.m in Sources */ = {isa = PBXBuildFile; fileRef = 5281154120ECBEB700E2B133 /* WXMediaMessage+messageConstruct.m */; };
		5281154720ECBEB700E2B133 /* WXMediaMessage+messageConstruct.m in Sources */ = {isa = PBXBuildFile; fileRef = 5281154120ECBEB700E2B133 /* WXMediaMessage+messageConstruct.m */; };
		5281154C20ECBEEA00E2B133 /* WXApiResponseHandler.m in Sources */ = {isa = PBXBuildFile; fileRef = 5281154A20ECBEEA00E2B133 /* WXApiResponseHandler.m */; };
		5281154D20ECBEEA00E2B133 /* WXApiResponseHandler.m in Sources */ = {isa = PBXBuildFile; fileRef = 5281154A20ECBEEA00E2B133 /* WXApiResponseHandler.m */; };
		5281154E20ECBEEA00E2B133 /* WXApiRequestHandler.m in Sources */ = {isa = PBXBuildFile; fileRef = 5281154B20ECBEEA00E2B133 /* WXApiRequestHandler.m */; };
		5281154F20ECBEEA00E2B133 /* WXApiRequestHandler.m in Sources */ = {isa = PBXBuildFile; fileRef = 5281154B20ECBEEA00E2B133 /* WXApiRequestHandler.m */; };
		5281155220ED0F0600E2B133 /* CameraDictateViewController.m in Sources */ = {isa = PBXBuildFile; fileRef = 5281155120ED0F0600E2B133 /* CameraDictateViewController.m */; };
		5281155320ED0F0600E2B133 /* CameraDictateViewController.m in Sources */ = {isa = PBXBuildFile; fileRef = 5281155120ED0F0600E2B133 /* CameraDictateViewController.m */; };
		5281155420ED373300E2B133 /* Main.storyboard in Resources */ = {isa = PBXBuildFile; fileRef = 520DA6E01ED7248C009E4705 /* Main.storyboard */; };
		529DA58720EF511F0051E248 /* PhotoLibraryViewController.m in Sources */ = {isa = PBXBuildFile; fileRef = 529DA58620EF511F0051E248 /* PhotoLibraryViewController.m */; };
		529DA58820EF511F0051E248 /* PhotoLibraryViewController.m in Sources */ = {isa = PBXBuildFile; fileRef = 529DA58620EF511F0051E248 /* PhotoLibraryViewController.m */; };
		529DA58F20EF542E0051E248 /* UINavigationBar+Translucent.m in Sources */ = {isa = PBXBuildFile; fileRef = 529DA58E20EF542E0051E248 /* UINavigationBar+Translucent.m */; };
		529DA59020EF542E0051E248 /* UINavigationBar+Translucent.m in Sources */ = {isa = PBXBuildFile; fileRef = 529DA58E20EF542E0051E248 /* UINavigationBar+Translucent.m */; };
		529DA59320EF7BF40051E248 /* PhotoLibraryHelper.m in Sources */ = {isa = PBXBuildFile; fileRef = 529DA59220EF7BF40051E248 /* PhotoLibraryHelper.m */; };
		529DA59420EF7BF40051E248 /* PhotoLibraryHelper.m in Sources */ = {isa = PBXBuildFile; fileRef = 529DA59220EF7BF40051E248 /* PhotoLibraryHelper.m */; };
		52C4BF9620CC0770002FC393 /* NSString+OpenGLES.m in Sources */ = {isa = PBXBuildFile; fileRef = 52C4BF9520CC0770002FC393 /* NSString+OpenGLES.m */; };
		52CAA9D41F66D3D000351014 /* libstdc++.tbd in Frameworks */ = {isa = PBXBuildFile; fileRef = 52CAA9D31F66D3D000351014 /* libstdc++.tbd */; };
		52CB035D205511E000329861 /* IJKGPUImageMovie.m in Sources */ = {isa = PBXBuildFile; fileRef = 52CB035C205511E000329861 /* IJKGPUImageMovie.m */; };
		52CED8C120BD0A2200841B29 /* IJKGPUImage_GLES2_Renderer.m in Sources */ = {isa = PBXBuildFile; fileRef = 52CED8C020BD0A2200841B29 /* IJKGPUImage_GLES2_Renderer.m */; };
		52D32C2E20E3DE6500E93331 /* AudioToolbox.framework in Frameworks */ = {isa = PBXBuildFile; fileRef = 52D32C2D20E3DE6400E93331 /* AudioToolbox.framework */; };
		52D32C3020E3DF3E00E93331 /* CoreTelephony.framework in Frameworks */ = {isa = PBXBuildFile; fileRef = 52D32C2F20E3DF3E00E93331 /* CoreTelephony.framework */; };
		52D32C3220E3DF5D00E93331 /* SystemConfiguration.framework in Frameworks */ = {isa = PBXBuildFile; fileRef = 52D32C3120E3DF5C00E93331 /* SystemConfiguration.framework */; };
		52D32C3920E3F8EE00E93331 /* ISRDataHelper.m in Sources */ = {isa = PBXBuildFile; fileRef = 52D32C3720E3F8EE00E93331 /* ISRDataHelper.m */; };
		52D6723720EFCB27001A5564 /* StartingGridViewController.m in Sources */ = {isa = PBXBuildFile; fileRef = 52D6723620EFCB27001A5564 /* StartingGridViewController.m */; };
		52D6723820EFCB27001A5564 /* StartingGridViewController.m in Sources */ = {isa = PBXBuildFile; fileRef = 52D6723620EFCB27001A5564 /* StartingGridViewController.m */; };
		52D6724320F11948001A5564 /* UIViewController+Extensions.m in Sources */ = {isa = PBXBuildFile; fileRef = 52D6724220F11947001A5564 /* UIViewController+Extensions.m */; };
		52D6724420F11948001A5564 /* UIViewController+Extensions.m in Sources */ = {isa = PBXBuildFile; fileRef = 52D6724220F11947001A5564 /* UIViewController+Extensions.m */; };
		52D6724720F1AB99001A5564 /* VideoSnapshotViewController.m in Sources */ = {isa = PBXBuildFile; fileRef = 52D6724520F1AB98001A5564 /* VideoSnapshotViewController.m */; };
		52D6724820F1AB99001A5564 /* VideoSnapshotViewController.m in Sources */ = {isa = PBXBuildFile; fileRef = 52D6724520F1AB98001A5564 /* VideoSnapshotViewController.m */; };
		52D6724B20F1AF6D001A5564 /* SubtitleAndAudioSelectionViewController.m in Sources */ = {isa = PBXBuildFile; fileRef = 52D6724A20F1AF6D001A5564 /* SubtitleAndAudioSelectionViewController.m */; };
		52D6724C20F1AF6D001A5564 /* SubtitleAndAudioSelectionViewController.m in Sources */ = {isa = PBXBuildFile; fileRef = 52D6724A20F1AF6D001A5564 /* SubtitleAndAudioSelectionViewController.m */; };
		52D6724F20F1EFFA001A5564 /* FilterCollectionView.m in Sources */ = {isa = PBXBuildFile; fileRef = 52D6724E20F1EFFA001A5564 /* FilterCollectionView.m */; };
		52D6725020F1EFFA001A5564 /* FilterCollectionView.m in Sources */ = {isa = PBXBuildFile; fileRef = 52D6724E20F1EFFA001A5564 /* FilterCollectionView.m */; };
		52D6725320F3186A001A5564 /* TextEditViewController.m in Sources */ = {isa = PBXBuildFile; fileRef = 52D6725220F3186A001A5564 /* TextEditViewController.m */; };
		52D6725420F3186A001A5564 /* TextEditViewController.m in Sources */ = {isa = PBXBuildFile; fileRef = 52D6725220F3186A001A5564 /* TextEditViewController.m */; };
		52E2A73E20E5306A00BB445A /* iflyMSC.framework in Frameworks */ = {isa = PBXBuildFile; fileRef = 52E2A73D20E5306A00BB445A /* iflyMSC.framework */; };
		52E2A74220E6284800BB445A /* IFlyFaceDetectResultParser.m in Sources */ = {isa = PBXBuildFile; fileRef = 52E2A74120E6284700BB445A /* IFlyFaceDetectResultParser.m */; };
		52E2A74720E7307000BB445A /* UIImage+Share.m in Sources */ = {isa = PBXBuildFile; fileRef = 52E2A74620E7307000BB445A /* UIImage+Share.m */; };
		52FAF1C72067689000713E1C /* IJKGPUImage_Vout_iOS_OpenGLES2.m in Sources */ = {isa = PBXBuildFile; fileRef = 52FAF1C62067689000713E1C /* IJKGPUImage_Vout_iOS_OpenGLES2.m */; settings = {COMPILER_FLAGS = "-fno-objc-arc"; }; };
		BBB7962F20B2F6E90059C1DA /* libbz2.tbd in Frameworks */ = {isa = PBXBuildFile; fileRef = BBB7962B20B2F6E80059C1DA /* libbz2.tbd */; };
		BBB7963120B2F6EE0059C1DA /* libiconv.tbd in Frameworks */ = {isa = PBXBuildFile; fileRef = BBB7963020B2F6EE0059C1DA /* libiconv.tbd */; };
/* End PBXBuildFile section */

/* Begin PBXContainerItemProxy section */
		520DA6EE1ED7248C009E4705 /* PBXContainerItemProxy */ = {
			isa = PBXContainerItemProxy;
			containerPortal = 520DA6CC1ED7248B009E4705 /* Project object */;
			proxyType = 1;
			remoteGlobalIDString = 520DA6D31ED7248C009E4705;
			remoteInfo = PlayerCamera;
		};
		520DA7191ED72823009E4705 /* PBXContainerItemProxy */ = {
			isa = PBXContainerItemProxy;
			containerPortal = 520DA7131ED72823009E4705 /* GPUImage.xcodeproj */;
			proxyType = 2;
			remoteGlobalIDString = BCF1A33414DDB1EC00852800;
			remoteInfo = GPUImage;
		};
		520DA71B1ED72823009E4705 /* PBXContainerItemProxy */ = {
			isa = PBXContainerItemProxy;
			containerPortal = 520DA7131ED72823009E4705 /* GPUImage.xcodeproj */;
			proxyType = 2;
			remoteGlobalIDString = BCE209E51943F20C002FEED8;
			remoteInfo = GPUImageFramework;
		};
		520DA7241ED72ABE009E4705 /* PBXContainerItemProxy */ = {
			isa = PBXContainerItemProxy;
			containerPortal = 520DA7131ED72823009E4705 /* GPUImage.xcodeproj */;
			proxyType = 1;
			remoteGlobalIDString = BCF1A33314DDB1EC00852800;
			remoteInfo = GPUImage;
		};
		52257C8120ABE01600140039 /* PBXContainerItemProxy */ = {
			isa = PBXContainerItemProxy;
			containerPortal = 52CB034D20550F0F00329861 /* IJKMediaPlayer.xcodeproj */;
			proxyType = 1;
			remoteGlobalIDString = 5450AFC11E63EA4300568494;
			remoteInfo = IJKMediaFrameworkWithSSL;
		};
		5281150520ECBADF00E2B133 /* PBXContainerItemProxy */ = {
			isa = PBXContainerItemProxy;
			containerPortal = 520DA7131ED72823009E4705 /* GPUImage.xcodeproj */;
			proxyType = 1;
			remoteGlobalIDString = BCF1A33314DDB1EC00852800;
			remoteInfo = GPUImage;
		};
		5281150720ECBADF00E2B133 /* PBXContainerItemProxy */ = {
			isa = PBXContainerItemProxy;
			containerPortal = 52CB034D20550F0F00329861 /* IJKMediaPlayer.xcodeproj */;
			proxyType = 1;
			remoteGlobalIDString = 5450AFC11E63EA4300568494;
			remoteInfo = IJKMediaFrameworkWithSSL;
		};
		52CB035520550F0F00329861 /* PBXContainerItemProxy */ = {
			isa = PBXContainerItemProxy;
			containerPortal = 52CB034D20550F0F00329861 /* IJKMediaPlayer.xcodeproj */;
			proxyType = 2;
			remoteGlobalIDString = E654EA8A1B6B27E600B0F2D0;
			remoteInfo = IJKMediaFramework;
		};
		52CB035720550F0F00329861 /* PBXContainerItemProxy */ = {
			isa = PBXContainerItemProxy;
			containerPortal = 52CB034D20550F0F00329861 /* IJKMediaPlayer.xcodeproj */;
			proxyType = 2;
			remoteGlobalIDString = 5450B0431E63EA4300568494;
			remoteInfo = IJKMediaFrameworkWithSSL;
		};
		52CB035920550F0F00329861 /* PBXContainerItemProxy */ = {
			isa = PBXContainerItemProxy;
			containerPortal = 52CB034D20550F0F00329861 /* IJKMediaPlayer.xcodeproj */;
			proxyType = 2;
			remoteGlobalIDString = E654EA941B6B27E600B0F2D0;
			remoteInfo = IJKMediaFrameworkTests;
		};
/* End PBXContainerItemProxy section */

/* Begin PBXCopyFilesBuildPhase section */
		52257C8320ABE01600140039 /* Embed Frameworks */ = {
			isa = PBXCopyFilesBuildPhase;
			buildActionMask = 2147483647;
			dstPath = "";
			dstSubfolderSpec = 10;
			files = (
				52257C8020ABE01600140039 /* IJKMediaFrameworkWithSSL.framework in Embed Frameworks */,
			);
			name = "Embed Frameworks";
			runOnlyForDeploymentPostprocessing = 0;
		};
		5281153020ECBADF00E2B133 /* Embed Frameworks */ = {
			isa = PBXCopyFilesBuildPhase;
			buildActionMask = 2147483647;
			dstPath = "";
			dstSubfolderSpec = 10;
			files = (
				5281153120ECBADF00E2B133 /* IJKMediaFrameworkWithSSL.framework in Embed Frameworks */,
			);
			name = "Embed Frameworks";
			runOnlyForDeploymentPostprocessing = 0;
		};
/* End PBXCopyFilesBuildPhase section */

/* Begin PBXFileReference section */
		520DA6D41ED7248C009E4705 /* GijkPlayer.app */ = {isa = PBXFileReference; explicitFileType = wrapper.application; includeInIndex = 0; path = GijkPlayer.app; sourceTree = BUILT_PRODUCTS_DIR; };
		520DA6D81ED7248C009E4705 /* main.m */ = {isa = PBXFileReference; lastKnownFileType = sourcecode.c.objc; path = main.m; sourceTree = "<group>"; };
		520DA6DA1ED7248C009E4705 /* AppDelegate.h */ = {isa = PBXFileReference; lastKnownFileType = sourcecode.c.h; path = AppDelegate.h; sourceTree = "<group>"; };
		520DA6DB1ED7248C009E4705 /* AppDelegate.m */ = {isa = PBXFileReference; lastKnownFileType = sourcecode.c.objc; path = AppDelegate.m; sourceTree = "<group>"; };
		520DA6DD1ED7248C009E4705 /* CameraPlayerViewController.h */ = {isa = PBXFileReference; lastKnownFileType = sourcecode.c.h; path = CameraPlayerViewController.h; sourceTree = "<group>"; };
		520DA6DE1ED7248C009E4705 /* CameraPlayerViewController.m */ = {isa = PBXFileReference; lastKnownFileType = sourcecode.c.objc; path = CameraPlayerViewController.m; sourceTree = "<group>"; };
		520DA6E11ED7248C009E4705 /* Base */ = {isa = PBXFileReference; lastKnownFileType = file.storyboard; name = Base; path = Base.lproj/Main.storyboard; sourceTree = "<group>"; };
		520DA6E31ED7248C009E4705 /* Assets.xcassets */ = {isa = PBXFileReference; lastKnownFileType = folder.assetcatalog; path = Assets.xcassets; sourceTree = "<group>"; };
		520DA6E61ED7248C009E4705 /* Base */ = {isa = PBXFileReference; lastKnownFileType = file.storyboard; name = Base; path = Base.lproj/LaunchScreen.storyboard; sourceTree = "<group>"; };
		520DA6E81ED7248C009E4705 /* Info.plist */ = {isa = PBXFileReference; lastKnownFileType = text.plist.xml; path = Info.plist; sourceTree = "<group>"; };
		520DA6ED1ED7248C009E4705 /* PlayerCameraUITests.xctest */ = {isa = PBXFileReference; explicitFileType = wrapper.cfbundle; includeInIndex = 0; path = PlayerCameraUITests.xctest; sourceTree = BUILT_PRODUCTS_DIR; };
		520DA6F11ED7248C009E4705 /* PlayerCameraUITests.m */ = {isa = PBXFileReference; lastKnownFileType = sourcecode.c.objc; path = PlayerCameraUITests.m; sourceTree = "<group>"; };
		520DA6F31ED7248C009E4705 /* Info.plist */ = {isa = PBXFileReference; lastKnownFileType = text.plist.xml; path = Info.plist; sourceTree = "<group>"; };
		520DA7131ED72823009E4705 /* GPUImage.xcodeproj */ = {isa = PBXFileReference; lastKnownFileType = "wrapper.pb-project"; name = GPUImage.xcodeproj; path = ../../framework/GPUImage.xcodeproj; sourceTree = "<group>"; };
		520DA72A1ED72AC7009E4705 /* CoreMedia.framework */ = {isa = PBXFileReference; lastKnownFileType = wrapper.framework; name = CoreMedia.framework; path = System/Library/Frameworks/CoreMedia.framework; sourceTree = SDKROOT; };
		520DA72C1ED72ACD009E4705 /* OpenGLES.framework */ = {isa = PBXFileReference; lastKnownFileType = wrapper.framework; name = OpenGLES.framework; path = System/Library/Frameworks/OpenGLES.framework; sourceTree = SDKROOT; };
		520DA72E1ED72ADC009E4705 /* CoreVideo.framework */ = {isa = PBXFileReference; lastKnownFileType = wrapper.framework; name = CoreVideo.framework; path = System/Library/Frameworks/CoreVideo.framework; sourceTree = SDKROOT; };
		520DA7301ED72AE1009E4705 /* AVFoundation.framework */ = {isa = PBXFileReference; lastKnownFileType = wrapper.framework; name = AVFoundation.framework; path = System/Library/Frameworks/AVFoundation.framework; sourceTree = SDKROOT; };
		520DA7321ED72AE6009E4705 /* QuartzCore.framework */ = {isa = PBXFileReference; lastKnownFileType = wrapper.framework; name = QuartzCore.framework; path = System/Library/Frameworks/QuartzCore.framework; sourceTree = SDKROOT; };
		5214AF62206405910076405A /* libz.tbd */ = {isa = PBXFileReference; lastKnownFileType = "sourcecode.text-based-dylib-definition"; name = libz.tbd; path = usr/lib/libz.tbd; sourceTree = SDKROOT; };
		524F115D20B1B5390045795F /* VideoCollectionViewController.h */ = {isa = PBXFileReference; lastKnownFileType = sourcecode.c.h; path = VideoCollectionViewController.h; sourceTree = "<group>"; };
		524F115E20B1B5390045795F /* VideoCollectionViewController.m */ = {isa = PBXFileReference; lastKnownFileType = sourcecode.c.objc; path = VideoCollectionViewController.m; sourceTree = "<group>"; };
		524F116620B1B6E40045795F /* UIImage+Blur.m */ = {isa = PBXFileReference; fileEncoding = 4; lastKnownFileType = sourcecode.c.objc; name = "UIImage+Blur.m"; path = "Utils/UIImage+Blur.m"; sourceTree = "<group>"; };
		524F116920B1B6EC0045795F /* UIImage+Blur.h */ = {isa = PBXFileReference; fileEncoding = 4; lastKnownFileType = sourcecode.c.h; name = "UIImage+Blur.h"; path = "Utils/UIImage+Blur.h"; sourceTree = "<group>"; };
		524F116B20B1DA4C0045795F /* PrefixHeader.pch */ = {isa = PBXFileReference; lastKnownFileType = sourcecode.c.h; path = PrefixHeader.pch; sourceTree = "<group>"; };
		524FB92B20B7F5ED006F5FED /* VideoThumbnailCache.h */ = {isa = PBXFileReference; lastKnownFileType = sourcecode.c.h; path = VideoThumbnailCache.h; sourceTree = "<group>"; };
		524FB92C20B7F5ED006F5FED /* VideoThumbnailCache.m */ = {isa = PBXFileReference; lastKnownFileType = sourcecode.c.objc; path = VideoThumbnailCache.m; sourceTree = "<group>"; };
		5279F99920F3B582000920CE /* dotletterstiles.png */ = {isa = PBXFileReference; lastKnownFileType = image.png; name = dotletterstiles.png; path = ../../iOS/FilterShowcase/FilterShowcase/dotletterstiles.png; sourceTree = "<group>"; };
		527C39BF20EA5EC400CC64AE /* SnapshotEditorViewController.h */ = {isa = PBXFileReference; lastKnownFileType = sourcecode.c.h; path = SnapshotEditorViewController.h; sourceTree = "<group>"; };
		527C39C020EA5EC400CC64AE /* SnapshotEditorViewController.m */ = {isa = PBXFileReference; lastKnownFileType = sourcecode.c.objc; path = SnapshotEditorViewController.m; sourceTree = "<group>"; };
		527C39C720ECB10000CC64AE /* WechatAuthSDK.h */ = {isa = PBXFileReference; fileEncoding = 4; lastKnownFileType = sourcecode.c.h; path = WechatAuthSDK.h; sourceTree = "<group>"; };
		527C39C820ECB10000CC64AE /* WXApiObject.h */ = {isa = PBXFileReference; fileEncoding = 4; lastKnownFileType = sourcecode.c.h; path = WXApiObject.h; sourceTree = "<group>"; };
		527C39C920ECB10100CC64AE /* libWeChatSDK.a */ = {isa = PBXFileReference; lastKnownFileType = archive.ar; path = libWeChatSDK.a; sourceTree = "<group>"; };
		527C39CA20ECB10200CC64AE /* WXApi.h */ = {isa = PBXFileReference; fileEncoding = 4; lastKnownFileType = sourcecode.c.h; path = WXApi.h; sourceTree = "<group>"; };
		528114FB20ECB1CC00E2B133 /* libsqlite3.tbd */ = {isa = PBXFileReference; lastKnownFileType = "sourcecode.text-based-dylib-definition"; name = libsqlite3.tbd; path = usr/lib/libsqlite3.tbd; sourceTree = SDKROOT; };
		528114FD20ECB1DB00E2B133 /* Security.framework */ = {isa = PBXFileReference; lastKnownFileType = wrapper.framework; name = Security.framework; path = System/Library/Frameworks/Security.framework; sourceTree = SDKROOT; };
		528114FF20ECB1E600E2B133 /* CFNetwork.framework */ = {isa = PBXFileReference; lastKnownFileType = wrapper.framework; name = CFNetwork.framework; path = System/Library/Frameworks/CFNetwork.framework; sourceTree = SDKROOT; };
		5281150120ECB1FC00E2B133 /* AddressBook.framework */ = {isa = PBXFileReference; lastKnownFileType = wrapper.framework; name = AddressBook.framework; path = System/Library/Frameworks/AddressBook.framework; sourceTree = SDKROOT; };
		5281153520ECBADF00E2B133 /* GridShow.app */ = {isa = PBXFileReference; explicitFileType = wrapper.application; includeInIndex = 0; path = GridShow.app; sourceTree = BUILT_PRODUCTS_DIR; };
		5281153620ECBAE000E2B133 /* GridShow-Info.plist */ = {isa = PBXFileReference; lastKnownFileType = text.plist.xml; name = "GridShow-Info.plist"; path = "/Users/domqiu/Projects/GPUImage/examples/PlayerCamera/GridShow-Info.plist"; sourceTree = "<absolute>"; };
		5281153720ECBD3C00E2B133 /* WXApiManager.h */ = {isa = PBXFileReference; fileEncoding = 4; lastKnownFileType = sourcecode.c.h; path = WXApiManager.h; sourceTree = "<group>"; };
		5281153820ECBD3D00E2B133 /* WXApiManager.m */ = {isa = PBXFileReference; fileEncoding = 4; lastKnownFileType = sourcecode.c.objc; path = WXApiManager.m; sourceTree = "<group>"; };
		5281153B20ECBEB500E2B133 /* WeiXinConstant.h */ = {isa = PBXFileReference; fileEncoding = 4; lastKnownFileType = sourcecode.c.h; path = WeiXinConstant.h; sourceTree = "<group>"; };
		5281153C20ECBEB500E2B133 /* GetMessageFromWXResp+responseWithTextOrMediaMessage.h */ = {isa = PBXFileReference; fileEncoding = 4; lastKnownFileType = sourcecode.c.h; path = "GetMessageFromWXResp+responseWithTextOrMediaMessage.h"; sourceTree = "<group>"; };
		5281153D20ECBEB500E2B133 /* WXMediaMessage+messageConstruct.h */ = {isa = PBXFileReference; fileEncoding = 4; lastKnownFileType = sourcecode.c.h; path = "WXMediaMessage+messageConstruct.h"; sourceTree = "<group>"; };
		5281153E20ECBEB600E2B133 /* SendMessageToWXReq+requestWithTextOrMediaMessage.h */ = {isa = PBXFileReference; fileEncoding = 4; lastKnownFileType = sourcecode.c.h; path = "SendMessageToWXReq+requestWithTextOrMediaMessage.h"; sourceTree = "<group>"; };
		5281153F20ECBEB600E2B133 /* SendMessageToWXReq+requestWithTextOrMediaMessage.m */ = {isa = PBXFileReference; fileEncoding = 4; lastKnownFileType = sourcecode.c.objc; path = "SendMessageToWXReq+requestWithTextOrMediaMessage.m"; sourceTree = "<group>"; };
		5281154020ECBEB700E2B133 /* GetMessageFromWXResp+responseWithTextOrMediaMessage.m */ = {isa = PBXFileReference; fileEncoding = 4; lastKnownFileType = sourcecode.c.objc; path = "GetMessageFromWXResp+responseWithTextOrMediaMessage.m"; sourceTree = "<group>"; };
		5281154120ECBEB700E2B133 /* WXMediaMessage+messageConstruct.m */ = {isa = PBXFileReference; fileEncoding = 4; lastKnownFileType = sourcecode.c.objc; path = "WXMediaMessage+messageConstruct.m"; sourceTree = "<group>"; };
		5281154820ECBEE900E2B133 /* WXApiRequestHandler.h */ = {isa = PBXFileReference; fileEncoding = 4; lastKnownFileType = sourcecode.c.h; path = WXApiRequestHandler.h; sourceTree = "<group>"; };
		5281154920ECBEE900E2B133 /* WXApiResponseHandler.h */ = {isa = PBXFileReference; fileEncoding = 4; lastKnownFileType = sourcecode.c.h; path = WXApiResponseHandler.h; sourceTree = "<group>"; };
		5281154A20ECBEEA00E2B133 /* WXApiResponseHandler.m */ = {isa = PBXFileReference; fileEncoding = 4; lastKnownFileType = sourcecode.c.objc; path = WXApiResponseHandler.m; sourceTree = "<group>"; };
		5281154B20ECBEEA00E2B133 /* WXApiRequestHandler.m */ = {isa = PBXFileReference; fileEncoding = 4; lastKnownFileType = sourcecode.c.objc; path = WXApiRequestHandler.m; sourceTree = "<group>"; };
		5281155020ED0F0600E2B133 /* CameraDictateViewController.h */ = {isa = PBXFileReference; lastKnownFileType = sourcecode.c.h; path = CameraDictateViewController.h; sourceTree = "<group>"; };
		5281155120ED0F0600E2B133 /* CameraDictateViewController.m */ = {isa = PBXFileReference; lastKnownFileType = sourcecode.c.objc; path = CameraDictateViewController.m; sourceTree = "<group>"; };
		529DA58520EF511F0051E248 /* PhotoLibraryViewController.h */ = {isa = PBXFileReference; lastKnownFileType = sourcecode.c.h; path = PhotoLibraryViewController.h; sourceTree = "<group>"; };
		529DA58620EF511F0051E248 /* PhotoLibraryViewController.m */ = {isa = PBXFileReference; lastKnownFileType = sourcecode.c.objc; path = PhotoLibraryViewController.m; sourceTree = "<group>"; };
		529DA58D20EF542E0051E248 /* UINavigationBar+Translucent.h */ = {isa = PBXFileReference; lastKnownFileType = sourcecode.c.h; name = "UINavigationBar+Translucent.h"; path = "Utils/UINavigationBar+Translucent.h"; sourceTree = "<group>"; };
		529DA58E20EF542E0051E248 /* UINavigationBar+Translucent.m */ = {isa = PBXFileReference; lastKnownFileType = sourcecode.c.objc; name = "UINavigationBar+Translucent.m"; path = "Utils/UINavigationBar+Translucent.m"; sourceTree = "<group>"; };
		529DA59120EF7BF40051E248 /* PhotoLibraryHelper.h */ = {isa = PBXFileReference; lastKnownFileType = sourcecode.c.h; name = PhotoLibraryHelper.h; path = Utils/PhotoLibraryHelper.h; sourceTree = "<group>"; };
		529DA59220EF7BF40051E248 /* PhotoLibraryHelper.m */ = {isa = PBXFileReference; lastKnownFileType = sourcecode.c.objc; name = PhotoLibraryHelper.m; path = Utils/PhotoLibraryHelper.m; sourceTree = "<group>"; };
		52C4BF9420CC0770002FC393 /* NSString+OpenGLES.h */ = {isa = PBXFileReference; lastKnownFileType = sourcecode.c.h; name = "NSString+OpenGLES.h"; path = "Utils/NSString+OpenGLES.h"; sourceTree = "<group>"; };
		52C4BF9520CC0770002FC393 /* NSString+OpenGLES.m */ = {isa = PBXFileReference; lastKnownFileType = sourcecode.c.objc; name = "NSString+OpenGLES.m"; path = "Utils/NSString+OpenGLES.m"; sourceTree = "<group>"; };
		52CAA9D31F66D3D000351014 /* libstdc++.tbd */ = {isa = PBXFileReference; lastKnownFileType = "sourcecode.text-based-dylib-definition"; name = "libstdc++.tbd"; path = "usr/lib/libstdc++.tbd"; sourceTree = SDKROOT; };
		52CB034D20550F0F00329861 /* IJKMediaPlayer.xcodeproj */ = {isa = PBXFileReference; lastKnownFileType = "wrapper.pb-project"; name = IJKMediaPlayer.xcodeproj; path = ../../../ijkplayer_iOS/ios/IJKMediaPlayer/IJKMediaPlayer.xcodeproj; sourceTree = "<group>"; };
		52CB035B205511E000329861 /* IJKGPUImageMovie.h */ = {isa = PBXFileReference; lastKnownFileType = sourcecode.c.h; name = IJKGPUImageMovie.h; path = IJKGPUImage/IJKGPUImageMovie.h; sourceTree = "<group>"; };
		52CB035C205511E000329861 /* IJKGPUImageMovie.m */ = {isa = PBXFileReference; lastKnownFileType = sourcecode.c.objc; name = IJKGPUImageMovie.m; path = IJKGPUImage/IJKGPUImageMovie.m; sourceTree = "<group>"; };
		52CED8BF20BD0A2200841B29 /* IJKGPUImage_GLES2_Renderer.h */ = {isa = PBXFileReference; lastKnownFileType = sourcecode.c.h; name = IJKGPUImage_GLES2_Renderer.h; path = IJKGPUImage/IJKGPUImage_GLES2_Renderer.h; sourceTree = "<group>"; };
		52CED8C020BD0A2200841B29 /* IJKGPUImage_GLES2_Renderer.m */ = {isa = PBXFileReference; lastKnownFileType = sourcecode.c.objc; name = IJKGPUImage_GLES2_Renderer.m; path = IJKGPUImage/IJKGPUImage_GLES2_Renderer.m; sourceTree = "<group>"; };
		52D32C2D20E3DE6400E93331 /* AudioToolbox.framework */ = {isa = PBXFileReference; lastKnownFileType = wrapper.framework; name = AudioToolbox.framework; path = System/Library/Frameworks/AudioToolbox.framework; sourceTree = SDKROOT; };
		52D32C2F20E3DF3E00E93331 /* CoreTelephony.framework */ = {isa = PBXFileReference; lastKnownFileType = wrapper.framework; name = CoreTelephony.framework; path = System/Library/Frameworks/CoreTelephony.framework; sourceTree = SDKROOT; };
		52D32C3120E3DF5C00E93331 /* SystemConfiguration.framework */ = {isa = PBXFileReference; lastKnownFileType = wrapper.framework; name = SystemConfiguration.framework; path = System/Library/Frameworks/SystemConfiguration.framework; sourceTree = SDKROOT; };
		52D32C3720E3F8EE00E93331 /* ISRDataHelper.m */ = {isa = PBXFileReference; fileEncoding = 4; lastKnownFileType = sourcecode.c.objc; name = ISRDataHelper.m; path = SpeechRecognizer/ISRDataHelper.m; sourceTree = "<group>"; };
		52D32C3820E3F8EE00E93331 /* ISRDataHelper.h */ = {isa = PBXFileReference; fileEncoding = 4; lastKnownFileType = sourcecode.c.h; name = ISRDataHelper.h; path = SpeechRecognizer/ISRDataHelper.h; sourceTree = "<group>"; };
		52D6723520EFCB27001A5564 /* StartingGridViewController.h */ = {isa = PBXFileReference; lastKnownFileType = sourcecode.c.h; path = StartingGridViewController.h; sourceTree = "<group>"; };
		52D6723620EFCB27001A5564 /* StartingGridViewController.m */ = {isa = PBXFileReference; lastKnownFileType = sourcecode.c.objc; path = StartingGridViewController.m; sourceTree = "<group>"; };
		52D6724120F11947001A5564 /* UIViewController+Extensions.h */ = {isa = PBXFileReference; fileEncoding = 4; lastKnownFileType = sourcecode.c.h; name = "UIViewController+Extensions.h"; path = "Utils/UIViewController+Extensions.h"; sourceTree = "<group>"; };
		52D6724220F11947001A5564 /* UIViewController+Extensions.m */ = {isa = PBXFileReference; fileEncoding = 4; lastKnownFileType = sourcecode.c.objc; name = "UIViewController+Extensions.m"; path = "Utils/UIViewController+Extensions.m"; sourceTree = "<group>"; };
		52D6724520F1AB98001A5564 /* VideoSnapshotViewController.m */ = {isa = PBXFileReference; fileEncoding = 4; lastKnownFileType = sourcecode.c.objc; path = VideoSnapshotViewController.m; sourceTree = "<group>"; };
		52D6724620F1AB98001A5564 /* VideoSnapshotViewController.h */ = {isa = PBXFileReference; fileEncoding = 4; lastKnownFileType = sourcecode.c.h; path = VideoSnapshotViewController.h; sourceTree = "<group>"; };
		52D6724920F1AF6D001A5564 /* SubtitleAndAudioSelectionViewController.h */ = {isa = PBXFileReference; lastKnownFileType = sourcecode.c.h; path = SubtitleAndAudioSelectionViewController.h; sourceTree = "<group>"; };
		52D6724A20F1AF6D001A5564 /* SubtitleAndAudioSelectionViewController.m */ = {isa = PBXFileReference; lastKnownFileType = sourcecode.c.objc; path = SubtitleAndAudioSelectionViewController.m; sourceTree = "<group>"; };
		52D6724D20F1EFFA001A5564 /* FilterCollectionView.h */ = {isa = PBXFileReference; lastKnownFileType = sourcecode.c.h; path = FilterCollectionView.h; sourceTree = "<group>"; };
		52D6724E20F1EFFA001A5564 /* FilterCollectionView.m */ = {isa = PBXFileReference; lastKnownFileType = sourcecode.c.objc; path = FilterCollectionView.m; sourceTree = "<group>"; };
		52D6725120F3186A001A5564 /* TextEditViewController.h */ = {isa = PBXFileReference; lastKnownFileType = sourcecode.c.h; path = TextEditViewController.h; sourceTree = "<group>"; };
		52D6725220F3186A001A5564 /* TextEditViewController.m */ = {isa = PBXFileReference; lastKnownFileType = sourcecode.c.objc; path = TextEditViewController.m; sourceTree = "<group>"; };
		52E2A73D20E5306A00BB445A /* iflyMSC.framework */ = {isa = PBXFileReference; lastKnownFileType = wrapper.framework; path = iflyMSC.framework; sourceTree = "<group>"; };
		52E2A74020E6284700BB445A /* IFlyFaceDetectResultParser.h */ = {isa = PBXFileReference; lastKnownFileType = sourcecode.c.h; path = IFlyFaceDetectResultParser.h; sourceTree = "<group>"; };
		52E2A74120E6284700BB445A /* IFlyFaceDetectResultParser.m */ = {isa = PBXFileReference; lastKnownFileType = sourcecode.c.objc; path = IFlyFaceDetectResultParser.m; sourceTree = "<group>"; };
		52E2A74520E7307000BB445A /* UIImage+Share.h */ = {isa = PBXFileReference; lastKnownFileType = sourcecode.c.h; name = "UIImage+Share.h"; path = "Utils/UIImage+Share.h"; sourceTree = "<group>"; };
		52E2A74620E7307000BB445A /* UIImage+Share.m */ = {isa = PBXFileReference; lastKnownFileType = sourcecode.c.objc; name = "UIImage+Share.m"; path = "Utils/UIImage+Share.m"; sourceTree = "<group>"; };
		52FAF1C52067689000713E1C /* IJKGPUImage_Vout_iOS_OpenGLES2.h */ = {isa = PBXFileReference; lastKnownFileType = sourcecode.c.h; name = IJKGPUImage_Vout_iOS_OpenGLES2.h; path = IJKGPUImage/IJKGPUImage_Vout_iOS_OpenGLES2.h; sourceTree = "<group>"; };
		52FAF1C62067689000713E1C /* IJKGPUImage_Vout_iOS_OpenGLES2.m */ = {isa = PBXFileReference; lastKnownFileType = sourcecode.c.objc; name = IJKGPUImage_Vout_iOS_OpenGLES2.m; path = IJKGPUImage/IJKGPUImage_Vout_iOS_OpenGLES2.m; sourceTree = "<group>"; };
		BBB7962B20B2F6E80059C1DA /* libbz2.tbd */ = {isa = PBXFileReference; lastKnownFileType = "sourcecode.text-based-dylib-definition"; name = libbz2.tbd; path = usr/lib/libbz2.tbd; sourceTree = SDKROOT; };
		BBB7963020B2F6EE0059C1DA /* libiconv.tbd */ = {isa = PBXFileReference; lastKnownFileType = "sourcecode.text-based-dylib-definition"; name = libiconv.tbd; path = usr/lib/libiconv.tbd; sourceTree = SDKROOT; };
/* End PBXFileReference section */

/* Begin PBXFrameworksBuildPhase section */
		520DA6D11ED7248C009E4705 /* Frameworks */ = {
			isa = PBXFrameworksBuildPhase;
			buildActionMask = 2147483647;
			files = (
				5281150220ECB1FC00E2B133 /* AddressBook.framework in Frameworks */,
				5281150020ECB1E600E2B133 /* CFNetwork.framework in Frameworks */,
				52D32C3020E3DF3E00E93331 /* CoreTelephony.framework in Frameworks */,
				528114FE20ECB1DB00E2B133 /* Security.framework in Frameworks */,
				528114FC20ECB1CC00E2B133 /* libsqlite3.tbd in Frameworks */,
				52D32C3220E3DF5D00E93331 /* SystemConfiguration.framework in Frameworks */,
				527C39CB20ECB10200CC64AE /* libWeChatSDK.a in Frameworks */,
				52D32C2E20E3DE6500E93331 /* AudioToolbox.framework in Frameworks */,
				52E2A73E20E5306A00BB445A /* iflyMSC.framework in Frameworks */,
				BBB7963120B2F6EE0059C1DA /* libiconv.tbd in Frameworks */,
				BBB7962F20B2F6E90059C1DA /* libbz2.tbd in Frameworks */,
				5214AF63206405920076405A /* libz.tbd in Frameworks */,
				52CAA9D41F66D3D000351014 /* libstdc++.tbd in Frameworks */,
				520DA7331ED72AE6009E4705 /* QuartzCore.framework in Frameworks */,
				520DA7311ED72AE1009E4705 /* AVFoundation.framework in Frameworks */,
				520DA72F1ED72ADC009E4705 /* CoreVideo.framework in Frameworks */,
				520DA72D1ED72ACD009E4705 /* OpenGLES.framework in Frameworks */,
				520DA72B1ED72AC7009E4705 /* CoreMedia.framework in Frameworks */,
				52257C7F20ABE01600140039 /* IJKMediaFrameworkWithSSL.framework in Frameworks */,
				520DA7291ED72AC1009E4705 /* libGPUImage.a in Frameworks */,
			);
			runOnlyForDeploymentPostprocessing = 0;
		};
		520DA6EA1ED7248C009E4705 /* Frameworks */ = {
			isa = PBXFrameworksBuildPhase;
			buildActionMask = 2147483647;
			files = (
			);
			runOnlyForDeploymentPostprocessing = 0;
		};
		5281151720ECBADF00E2B133 /* Frameworks */ = {
			isa = PBXFrameworksBuildPhase;
			buildActionMask = 2147483647;
			files = (
				5281151820ECBADF00E2B133 /* AddressBook.framework in Frameworks */,
				5281151920ECBADF00E2B133 /* CFNetwork.framework in Frameworks */,
				5281151A20ECBADF00E2B133 /* CoreTelephony.framework in Frameworks */,
				5281151B20ECBADF00E2B133 /* Security.framework in Frameworks */,
				5281151C20ECBADF00E2B133 /* libsqlite3.tbd in Frameworks */,
				5281151D20ECBADF00E2B133 /* SystemConfiguration.framework in Frameworks */,
				5281151E20ECBADF00E2B133 /* libWeChatSDK.a in Frameworks */,
				5281151F20ECBADF00E2B133 /* AudioToolbox.framework in Frameworks */,
				5281152020ECBADF00E2B133 /* iflyMSC.framework in Frameworks */,
				5281152120ECBADF00E2B133 /* libiconv.tbd in Frameworks */,
				5281152220ECBADF00E2B133 /* libbz2.tbd in Frameworks */,
				5281152320ECBADF00E2B133 /* libz.tbd in Frameworks */,
				5281152420ECBADF00E2B133 /* libstdc++.tbd in Frameworks */,
				5281152520ECBADF00E2B133 /* QuartzCore.framework in Frameworks */,
				5281152620ECBADF00E2B133 /* AVFoundation.framework in Frameworks */,
				5281152720ECBADF00E2B133 /* CoreVideo.framework in Frameworks */,
				5281152820ECBADF00E2B133 /* OpenGLES.framework in Frameworks */,
				5281152920ECBADF00E2B133 /* CoreMedia.framework in Frameworks */,
				5281152A20ECBADF00E2B133 /* IJKMediaFrameworkWithSSL.framework in Frameworks */,
				5281152B20ECBADF00E2B133 /* libGPUImage.a in Frameworks */,
			);
			runOnlyForDeploymentPostprocessing = 0;
		};
/* End PBXFrameworksBuildPhase section */

/* Begin PBXGroup section */
		520DA6CB1ED7248B009E4705 = {
			isa = PBXGroup;
			children = (
				524F116B20B1DA4C0045795F /* PrefixHeader.pch */,
				520DA7121ED7280C009E4705 /* Frameworks */,
				520DA6D61ED7248C009E4705 /* PlayerCamera */,
				520DA6F01ED7248C009E4705 /* PlayerCameraUITests */,
				520DA6D51ED7248C009E4705 /* Products */,
				5281153620ECBAE000E2B133 /* GridShow-Info.plist */,
			);
			sourceTree = "<group>";
		};
		520DA6D51ED7248C009E4705 /* Products */ = {
			isa = PBXGroup;
			children = (
				520DA6D41ED7248C009E4705 /* GijkPlayer.app */,
				520DA6ED1ED7248C009E4705 /* PlayerCameraUITests.xctest */,
				5281153520ECBADF00E2B133 /* GridShow.app */,
			);
			name = Products;
			sourceTree = "<group>";
		};
		520DA6D61ED7248C009E4705 /* PlayerCamera */ = {
			isa = PBXGroup;
			children = (
				52D6724620F1AB98001A5564 /* VideoSnapshotViewController.h */,
				52D6724520F1AB98001A5564 /* VideoSnapshotViewController.m */,
				527C39C620ECB0CB00CC64AE /* WeChat */,
				52E2A73F20E6277600BB445A /* FaceDetect */,
				52D32C3320E3F88D00E93331 /* SpeechRecognizer */,
				524F116520B1B67B0045795F /* Utils */,
				520DA6DA1ED7248C009E4705 /* AppDelegate.h */,
				520DA6DB1ED7248C009E4705 /* AppDelegate.m */,
				520DA6DD1ED7248C009E4705 /* CameraPlayerViewController.h */,
				520DA6DE1ED7248C009E4705 /* CameraPlayerViewController.m */,
				520DA6E01ED7248C009E4705 /* Main.storyboard */,
				520DA6E31ED7248C009E4705 /* Assets.xcassets */,
				520DA6E51ED7248C009E4705 /* LaunchScreen.storyboard */,
				520DA6E81ED7248C009E4705 /* Info.plist */,
				520DA6D71ED7248C009E4705 /* Supporting Files */,
				52CB035B205511E000329861 /* IJKGPUImageMovie.h */,
				52CB035C205511E000329861 /* IJKGPUImageMovie.m */,
				52FAF1C52067689000713E1C /* IJKGPUImage_Vout_iOS_OpenGLES2.h */,
				52FAF1C62067689000713E1C /* IJKGPUImage_Vout_iOS_OpenGLES2.m */,
				524F115D20B1B5390045795F /* VideoCollectionViewController.h */,
				524F115E20B1B5390045795F /* VideoCollectionViewController.m */,
				524FB92B20B7F5ED006F5FED /* VideoThumbnailCache.h */,
				524FB92C20B7F5ED006F5FED /* VideoThumbnailCache.m */,
				52CED8BF20BD0A2200841B29 /* IJKGPUImage_GLES2_Renderer.h */,
				52CED8C020BD0A2200841B29 /* IJKGPUImage_GLES2_Renderer.m */,
				527C39BF20EA5EC400CC64AE /* SnapshotEditorViewController.h */,
				527C39C020EA5EC400CC64AE /* SnapshotEditorViewController.m */,
				5281155020ED0F0600E2B133 /* CameraDictateViewController.h */,
				5281155120ED0F0600E2B133 /* CameraDictateViewController.m */,
				529DA58520EF511F0051E248 /* PhotoLibraryViewController.h */,
				529DA58620EF511F0051E248 /* PhotoLibraryViewController.m */,
				52D6723520EFCB27001A5564 /* StartingGridViewController.h */,
				52D6723620EFCB27001A5564 /* StartingGridViewController.m */,
				52D6724920F1AF6D001A5564 /* SubtitleAndAudioSelectionViewController.h */,
				52D6724A20F1AF6D001A5564 /* SubtitleAndAudioSelectionViewController.m */,
				52D6724D20F1EFFA001A5564 /* FilterCollectionView.h */,
				52D6724E20F1EFFA001A5564 /* FilterCollectionView.m */,
				52D6725120F3186A001A5564 /* TextEditViewController.h */,
				52D6725220F3186A001A5564 /* TextEditViewController.m */,
			);
			path = PlayerCamera;
			sourceTree = "<group>";
		};
		520DA6D71ED7248C009E4705 /* Supporting Files */ = {
			isa = PBXGroup;
			children = (
				5279F99920F3B582000920CE /* dotletterstiles.png */,
				520DA6D81ED7248C009E4705 /* main.m */,
			);
			name = "Supporting Files";
			sourceTree = "<group>";
		};
		520DA6F01ED7248C009E4705 /* PlayerCameraUITests */ = {
			isa = PBXGroup;
			children = (
				520DA6F11ED7248C009E4705 /* PlayerCameraUITests.m */,
				520DA6F31ED7248C009E4705 /* Info.plist */,
			);
			path = PlayerCameraUITests;
			sourceTree = "<group>";
		};
		520DA7121ED7280C009E4705 /* Frameworks */ = {
			isa = PBXGroup;
			children = (
				5281150120ECB1FC00E2B133 /* AddressBook.framework */,
				528114FF20ECB1E600E2B133 /* CFNetwork.framework */,
				528114FD20ECB1DB00E2B133 /* Security.framework */,
				528114FB20ECB1CC00E2B133 /* libsqlite3.tbd */,
				52E2A73D20E5306A00BB445A /* iflyMSC.framework */,
				52D32C3120E3DF5C00E93331 /* SystemConfiguration.framework */,
				52D32C2F20E3DF3E00E93331 /* CoreTelephony.framework */,
				52D32C2D20E3DE6400E93331 /* AudioToolbox.framework */,
				BBB7963020B2F6EE0059C1DA /* libiconv.tbd */,
				BBB7962B20B2F6E80059C1DA /* libbz2.tbd */,
				5214AF62206405910076405A /* libz.tbd */,
				52CB034D20550F0F00329861 /* IJKMediaPlayer.xcodeproj */,
				52CAA9D31F66D3D000351014 /* libstdc++.tbd */,
				520DA7321ED72AE6009E4705 /* QuartzCore.framework */,
				520DA7301ED72AE1009E4705 /* AVFoundation.framework */,
				520DA72E1ED72ADC009E4705 /* CoreVideo.framework */,
				520DA72C1ED72ACD009E4705 /* OpenGLES.framework */,
				520DA72A1ED72AC7009E4705 /* CoreMedia.framework */,
				520DA7131ED72823009E4705 /* GPUImage.xcodeproj */,
			);
			name = Frameworks;
			sourceTree = "<group>";
		};
		520DA7141ED72823009E4705 /* Products */ = {
			isa = PBXGroup;
			children = (
				520DA71A1ED72823009E4705 /* libGPUImage.a */,
				520DA71C1ED72823009E4705 /* GPUImage.framework */,
			);
			name = Products;
			sourceTree = "<group>";
		};
		524F116520B1B67B0045795F /* Utils */ = {
			isa = PBXGroup;
			children = (
				52D6724120F11947001A5564 /* UIViewController+Extensions.h */,
				52D6724220F11947001A5564 /* UIViewController+Extensions.m */,
				524F116920B1B6EC0045795F /* UIImage+Blur.h */,
				524F116620B1B6E40045795F /* UIImage+Blur.m */,
				52C4BF9420CC0770002FC393 /* NSString+OpenGLES.h */,
				52C4BF9520CC0770002FC393 /* NSString+OpenGLES.m */,
				52E2A74520E7307000BB445A /* UIImage+Share.h */,
				52E2A74620E7307000BB445A /* UIImage+Share.m */,
				529DA58D20EF542E0051E248 /* UINavigationBar+Translucent.h */,
				529DA58E20EF542E0051E248 /* UINavigationBar+Translucent.m */,
				529DA59120EF7BF40051E248 /* PhotoLibraryHelper.h */,
				529DA59220EF7BF40051E248 /* PhotoLibraryHelper.m */,
			);
			name = Utils;
			sourceTree = "<group>";
		};
		527C39C620ECB0CB00CC64AE /* WeChat */ = {
			isa = PBXGroup;
			children = (
				5281154820ECBEE900E2B133 /* WXApiRequestHandler.h */,
				5281154B20ECBEEA00E2B133 /* WXApiRequestHandler.m */,
				5281154920ECBEE900E2B133 /* WXApiResponseHandler.h */,
				5281154A20ECBEEA00E2B133 /* WXApiResponseHandler.m */,
				5281153B20ECBEB500E2B133 /* WeiXinConstant.h */,
				5281153C20ECBEB500E2B133 /* GetMessageFromWXResp+responseWithTextOrMediaMessage.h */,
				5281154020ECBEB700E2B133 /* GetMessageFromWXResp+responseWithTextOrMediaMessage.m */,
				5281153E20ECBEB600E2B133 /* SendMessageToWXReq+requestWithTextOrMediaMessage.h */,
				5281153F20ECBEB600E2B133 /* SendMessageToWXReq+requestWithTextOrMediaMessage.m */,
				5281153D20ECBEB500E2B133 /* WXMediaMessage+messageConstruct.h */,
				5281154120ECBEB700E2B133 /* WXMediaMessage+messageConstruct.m */,
				5281153720ECBD3C00E2B133 /* WXApiManager.h */,
				5281153820ECBD3D00E2B133 /* WXApiManager.m */,
				527C39C920ECB10100CC64AE /* libWeChatSDK.a */,
				527C39C720ECB10000CC64AE /* WechatAuthSDK.h */,
				527C39CA20ECB10200CC64AE /* WXApi.h */,
				527C39C820ECB10000CC64AE /* WXApiObject.h */,
			);
			path = WeChat;
			sourceTree = "<group>";
		};
		52CB034E20550F0F00329861 /* Products */ = {
			isa = PBXGroup;
			children = (
				52CB035620550F0F00329861 /* IJKMediaFramework.framework */,
				52CB035820550F0F00329861 /* IJKMediaFrameworkWithSSL.framework */,
				52CB035A20550F0F00329861 /* IJKMediaFrameworkTests.xctest */,
			);
			name = Products;
			sourceTree = "<group>";
		};
		52D32C3320E3F88D00E93331 /* SpeechRecognizer */ = {
			isa = PBXGroup;
			children = (
				52D32C3820E3F8EE00E93331 /* ISRDataHelper.h */,
				52D32C3720E3F8EE00E93331 /* ISRDataHelper.m */,
			);
			name = SpeechRecognizer;
			sourceTree = "<group>";
		};
		52E2A73F20E6277600BB445A /* FaceDetect */ = {
			isa = PBXGroup;
			children = (
				52E2A74020E6284700BB445A /* IFlyFaceDetectResultParser.h */,
				52E2A74120E6284700BB445A /* IFlyFaceDetectResultParser.m */,
			);
			path = FaceDetect;
			sourceTree = "<group>";
		};
/* End PBXGroup section */

/* Begin PBXNativeTarget section */
		520DA6D31ED7248C009E4705 /* GijkPlayer */ = {
			isa = PBXNativeTarget;
			buildConfigurationList = 520DA6F61ED7248C009E4705 /* Build configuration list for PBXNativeTarget "GijkPlayer" */;
			buildPhases = (
				520DA6D01ED7248C009E4705 /* Sources */,
				520DA6D11ED7248C009E4705 /* Frameworks */,
				520DA6D21ED7248C009E4705 /* Resources */,
				52257C8320ABE01600140039 /* Embed Frameworks */,
			);
			buildRules = (
			);
			dependencies = (
				520DA7251ED72ABE009E4705 /* PBXTargetDependency */,
				52257C8220ABE01600140039 /* PBXTargetDependency */,
			);
			name = GijkPlayer;
			productName = PlayerCamera;
			productReference = 520DA6D41ED7248C009E4705 /* GijkPlayer.app */;
			productType = "com.apple.product-type.application";
		};
		520DA6EC1ED7248C009E4705 /* PlayerCameraUITests */ = {
			isa = PBXNativeTarget;
			buildConfigurationList = 520DA6F91ED7248C009E4705 /* Build configuration list for PBXNativeTarget "PlayerCameraUITests" */;
			buildPhases = (
				520DA6E91ED7248C009E4705 /* Sources */,
				520DA6EA1ED7248C009E4705 /* Frameworks */,
				520DA6EB1ED7248C009E4705 /* Resources */,
			);
			buildRules = (
			);
			dependencies = (
				520DA6EF1ED7248C009E4705 /* PBXTargetDependency */,
			);
			name = PlayerCameraUITests;
			productName = PlayerCameraUITests;
			productReference = 520DA6ED1ED7248C009E4705 /* PlayerCameraUITests.xctest */;
			productType = "com.apple.product-type.bundle.ui-testing";
		};
		5281150320ECBADF00E2B133 /* GridShow */ = {
			isa = PBXNativeTarget;
			buildConfigurationList = 5281153220ECBADF00E2B133 /* Build configuration list for PBXNativeTarget "GridShow" */;
			buildPhases = (
				5281150820ECBADF00E2B133 /* Sources */,
				5281151720ECBADF00E2B133 /* Frameworks */,
				5281152C20ECBADF00E2B133 /* Resources */,
				5281153020ECBADF00E2B133 /* Embed Frameworks */,
			);
			buildRules = (
			);
			dependencies = (
				5281150420ECBADF00E2B133 /* PBXTargetDependency */,
				5281150620ECBADF00E2B133 /* PBXTargetDependency */,
			);
			name = GridShow;
			productName = PlayerCamera;
			productReference = 5281153520ECBADF00E2B133 /* GridShow.app */;
			productType = "com.apple.product-type.application";
		};
/* End PBXNativeTarget section */

/* Begin PBXProject section */
		520DA6CC1ED7248B009E4705 /* Project object */ = {
			isa = PBXProject;
			attributes = {
				LastUpgradeCheck = 0830;
				ORGANIZATIONNAME = "DOM QIU";
				TargetAttributes = {
					520DA6D31ED7248C009E4705 = {
						CreatedOnToolsVersion = 8.3.1;
						DevelopmentTeam = XNCE899229;
						ProvisioningStyle = Manual;
					};
					520DA6EC1ED7248C009E4705 = {
						CreatedOnToolsVersion = 8.3.1;
						ProvisioningStyle = Automatic;
						TestTargetID = 520DA6D31ED7248C009E4705;
					};
					5281150320ECBADF00E2B133 = {
						DevelopmentTeam = XNCE899229;
						ProvisioningStyle = Manual;
					};
				};
			};
			buildConfigurationList = 520DA6CF1ED7248C009E4705 /* Build configuration list for PBXProject "PlayerCamera" */;
			compatibilityVersion = "Xcode 3.2";
			developmentRegion = English;
			hasScannedForEncodings = 0;
			knownRegions = (
				en,
				Base,
			);
			mainGroup = 520DA6CB1ED7248B009E4705;
			productRefGroup = 520DA6D51ED7248C009E4705 /* Products */;
			projectDirPath = "";
			projectReferences = (
				{
					ProductGroup = 520DA7141ED72823009E4705 /* Products */;
					ProjectRef = 520DA7131ED72823009E4705 /* GPUImage.xcodeproj */;
				},
				{
					ProductGroup = 52CB034E20550F0F00329861 /* Products */;
					ProjectRef = 52CB034D20550F0F00329861 /* IJKMediaPlayer.xcodeproj */;
				},
			);
			projectRoot = "";
			targets = (
				520DA6D31ED7248C009E4705 /* GijkPlayer */,
				520DA6EC1ED7248C009E4705 /* PlayerCameraUITests */,
				5281150320ECBADF00E2B133 /* GridShow */,
			);
		};
/* End PBXProject section */

/* Begin PBXReferenceProxy section */
		520DA71A1ED72823009E4705 /* libGPUImage.a */ = {
			isa = PBXReferenceProxy;
			fileType = archive.ar;
			path = libGPUImage.a;
			remoteRef = 520DA7191ED72823009E4705 /* PBXContainerItemProxy */;
			sourceTree = BUILT_PRODUCTS_DIR;
		};
		520DA71C1ED72823009E4705 /* GPUImage.framework */ = {
			isa = PBXReferenceProxy;
			fileType = wrapper.framework;
			path = GPUImage.framework;
			remoteRef = 520DA71B1ED72823009E4705 /* PBXContainerItemProxy */;
			sourceTree = BUILT_PRODUCTS_DIR;
		};
		52CB035620550F0F00329861 /* IJKMediaFramework.framework */ = {
			isa = PBXReferenceProxy;
			fileType = wrapper.framework;
			path = IJKMediaFramework.framework;
			remoteRef = 52CB035520550F0F00329861 /* PBXContainerItemProxy */;
			sourceTree = BUILT_PRODUCTS_DIR;
		};
		52CB035820550F0F00329861 /* IJKMediaFrameworkWithSSL.framework */ = {
			isa = PBXReferenceProxy;
			fileType = wrapper.framework;
			path = IJKMediaFrameworkWithSSL.framework;
			remoteRef = 52CB035720550F0F00329861 /* PBXContainerItemProxy */;
			sourceTree = BUILT_PRODUCTS_DIR;
		};
		52CB035A20550F0F00329861 /* IJKMediaFrameworkTests.xctest */ = {
			isa = PBXReferenceProxy;
			fileType = wrapper.cfbundle;
			path = IJKMediaFrameworkTests.xctest;
			remoteRef = 52CB035920550F0F00329861 /* PBXContainerItemProxy */;
			sourceTree = BUILT_PRODUCTS_DIR;
		};
/* End PBXReferenceProxy section */

/* Begin PBXResourcesBuildPhase section */
		520DA6D21ED7248C009E4705 /* Resources */ = {
			isa = PBXResourcesBuildPhase;
			buildActionMask = 2147483647;
			files = (
				5281155420ED373300E2B133 /* Main.storyboard in Resources */,
				5279F99E20F3B583000920CE /* dotletterstiles.png in Resources */,
				520DA6E71ED7248C009E4705 /* LaunchScreen.storyboard in Resources */,
				520DA6E41ED7248C009E4705 /* Assets.xcassets in Resources */,
			);
			runOnlyForDeploymentPostprocessing = 0;
		};
		520DA6EB1ED7248C009E4705 /* Resources */ = {
			isa = PBXResourcesBuildPhase;
			buildActionMask = 2147483647;
			files = (
			);
			runOnlyForDeploymentPostprocessing = 0;
		};
		5281152C20ECBADF00E2B133 /* Resources */ = {
			isa = PBXResourcesBuildPhase;
			buildActionMask = 2147483647;
			files = (
				5281152D20ECBADF00E2B133 /* LaunchScreen.storyboard in Resources */,
				5279F99F20F3B583000920CE /* dotletterstiles.png in Resources */,
				5281152E20ECBADF00E2B133 /* Assets.xcassets in Resources */,
				5281152F20ECBADF00E2B133 /* Main.storyboard in Resources */,
			);
			runOnlyForDeploymentPostprocessing = 0;
		};
/* End PBXResourcesBuildPhase section */

/* Begin PBXSourcesBuildPhase section */
		520DA6D01ED7248C009E4705 /* Sources */ = {
			isa = PBXSourcesBuildPhase;
			buildActionMask = 2147483647;
			files = (
				5281154C20ECBEEA00E2B133 /* WXApiResponseHandler.m in Sources */,
				52C4BF9620CC0770002FC393 /* NSString+OpenGLES.m in Sources */,
				5281154220ECBEB700E2B133 /* SendMessageToWXReq+requestWithTextOrMediaMessage.m in Sources */,
				520DA6DF1ED7248C009E4705 /* CameraPlayerViewController.m in Sources */,
				524F116720B1B6E40045795F /* UIImage+Blur.m in Sources */,
				5281153920ECBD3D00E2B133 /* WXApiManager.m in Sources */,
				520DA6DC1ED7248C009E4705 /* AppDelegate.m in Sources */,
				529DA58F20EF542E0051E248 /* UINavigationBar+Translucent.m in Sources */,
				52D6723720EFCB27001A5564 /* StartingGridViewController.m in Sources */,
				52D6724320F11948001A5564 /* UIViewController+Extensions.m in Sources */,
				529DA58720EF511F0051E248 /* PhotoLibraryViewController.m in Sources */,
				5281154420ECBEB700E2B133 /* GetMessageFromWXResp+responseWithTextOrMediaMessage.m in Sources */,
				52FAF1C72067689000713E1C /* IJKGPUImage_Vout_iOS_OpenGLES2.m in Sources */,
				52D32C3920E3F8EE00E93331 /* ISRDataHelper.m in Sources */,
				52CB035D205511E000329861 /* IJKGPUImageMovie.m in Sources */,
				527C39C120EA5EC400CC64AE /* SnapshotEditorViewController.m in Sources */,
				529DA59320EF7BF40051E248 /* PhotoLibraryHelper.m in Sources */,
				52D6725320F3186A001A5564 /* TextEditViewController.m in Sources */,
				524F115F20B1B5390045795F /* VideoCollectionViewController.m in Sources */,
				52D6724720F1AB99001A5564 /* VideoSnapshotViewController.m in Sources */,
				520DA6D91ED7248C009E4705 /* main.m in Sources */,
				52CED8C120BD0A2200841B29 /* IJKGPUImage_GLES2_Renderer.m in Sources */,
				524FB92D20B7F5ED006F5FED /* VideoThumbnailCache.m in Sources */,
				52D6724B20F1AF6D001A5564 /* SubtitleAndAudioSelectionViewController.m in Sources */,
				5281154E20ECBEEA00E2B133 /* WXApiRequestHandler.m in Sources */,
				5281154620ECBEB700E2B133 /* WXMediaMessage+messageConstruct.m in Sources */,
				52E2A74720E7307000BB445A /* UIImage+Share.m in Sources */,
				52D6724F20F1EFFA001A5564 /* FilterCollectionView.m in Sources */,
				5281155220ED0F0600E2B133 /* CameraDictateViewController.m in Sources */,
				52E2A74220E6284800BB445A /* IFlyFaceDetectResultParser.m in Sources */,
			);
			runOnlyForDeploymentPostprocessing = 0;
		};
		520DA6E91ED7248C009E4705 /* Sources */ = {
			isa = PBXSourcesBuildPhase;
			buildActionMask = 2147483647;
			files = (
				524F116820B1B6E40045795F /* UIImage+Blur.m in Sources */,
				524F116020B1B5390045795F /* VideoCollectionViewController.m in Sources */,
				520DA6F21ED7248C009E4705 /* PlayerCameraUITests.m in Sources */,
			);
			runOnlyForDeploymentPostprocessing = 0;
		};
		5281150820ECBADF00E2B133 /* Sources */ = {
			isa = PBXSourcesBuildPhase;
			buildActionMask = 2147483647;
			files = (
				5281154D20ECBEEA00E2B133 /* WXApiResponseHandler.m in Sources */,
				5281150920ECBADF00E2B133 /* NSString+OpenGLES.m in Sources */,
				5281154320ECBEB700E2B133 /* SendMessageToWXReq+requestWithTextOrMediaMessage.m in Sources */,
				5281150A20ECBADF00E2B133 /* CameraPlayerViewController.m in Sources */,
				5281150B20ECBADF00E2B133 /* UIImage+Blur.m in Sources */,
				5281153A20ECBD3D00E2B133 /* WXApiManager.m in Sources */,
				5281150C20ECBADF00E2B133 /* AppDelegate.m in Sources */,
				529DA59020EF542E0051E248 /* UINavigationBar+Translucent.m in Sources */,
				52D6723820EFCB27001A5564 /* StartingGridViewController.m in Sources */,
				52D6724420F11948001A5564 /* UIViewController+Extensions.m in Sources */,
				529DA58820EF511F0051E248 /* PhotoLibraryViewController.m in Sources */,
				5281154520ECBEB700E2B133 /* GetMessageFromWXResp+responseWithTextOrMediaMessage.m in Sources */,
				5281150D20ECBADF00E2B133 /* IJKGPUImage_Vout_iOS_OpenGLES2.m in Sources */,
				5281150E20ECBADF00E2B133 /* ISRDataHelper.m in Sources */,
				5281150F20ECBADF00E2B133 /* IJKGPUImageMovie.m in Sources */,
				5281151020ECBADF00E2B133 /* SnapshotEditorViewController.m in Sources */,
				529DA59420EF7BF40051E248 /* PhotoLibraryHelper.m in Sources */,
				52D6725420F3186A001A5564 /* TextEditViewController.m in Sources */,
				5281151120ECBADF00E2B133 /* VideoCollectionViewController.m in Sources */,
				52D6724820F1AB99001A5564 /* VideoSnapshotViewController.m in Sources */,
				5281151220ECBADF00E2B133 /* main.m in Sources */,
				5281151320ECBADF00E2B133 /* IJKGPUImage_GLES2_Renderer.m in Sources */,
				5281151420ECBADF00E2B133 /* VideoThumbnailCache.m in Sources */,
				52D6724C20F1AF6D001A5564 /* SubtitleAndAudioSelectionViewController.m in Sources */,
				5281154F20ECBEEA00E2B133 /* WXApiRequestHandler.m in Sources */,
				5281154720ECBEB700E2B133 /* WXMediaMessage+messageConstruct.m in Sources */,
				5281151520ECBADF00E2B133 /* UIImage+Share.m in Sources */,
				52D6725020F1EFFA001A5564 /* FilterCollectionView.m in Sources */,
				5281155320ED0F0600E2B133 /* CameraDictateViewController.m in Sources */,
				5281151620ECBADF00E2B133 /* IFlyFaceDetectResultParser.m in Sources */,
			);
			runOnlyForDeploymentPostprocessing = 0;
		};
/* End PBXSourcesBuildPhase section */

/* Begin PBXTargetDependency section */
		520DA6EF1ED7248C009E4705 /* PBXTargetDependency */ = {
			isa = PBXTargetDependency;
			target = 520DA6D31ED7248C009E4705 /* GijkPlayer */;
			targetProxy = 520DA6EE1ED7248C009E4705 /* PBXContainerItemProxy */;
		};
		520DA7251ED72ABE009E4705 /* PBXTargetDependency */ = {
			isa = PBXTargetDependency;
			name = GPUImage;
			targetProxy = 520DA7241ED72ABE009E4705 /* PBXContainerItemProxy */;
		};
		52257C8220ABE01600140039 /* PBXTargetDependency */ = {
			isa = PBXTargetDependency;
			name = IJKMediaFrameworkWithSSL;
			targetProxy = 52257C8120ABE01600140039 /* PBXContainerItemProxy */;
		};
		5281150420ECBADF00E2B133 /* PBXTargetDependency */ = {
			isa = PBXTargetDependency;
			name = GPUImage;
			targetProxy = 5281150520ECBADF00E2B133 /* PBXContainerItemProxy */;
		};
		5281150620ECBADF00E2B133 /* PBXTargetDependency */ = {
			isa = PBXTargetDependency;
			name = IJKMediaFrameworkWithSSL;
			targetProxy = 5281150720ECBADF00E2B133 /* PBXContainerItemProxy */;
		};
/* End PBXTargetDependency section */

/* Begin PBXVariantGroup section */
		520DA6E01ED7248C009E4705 /* Main.storyboard */ = {
			isa = PBXVariantGroup;
			children = (
				520DA6E11ED7248C009E4705 /* Base */,
			);
			name = Main.storyboard;
			sourceTree = "<group>";
		};
		520DA6E51ED7248C009E4705 /* LaunchScreen.storyboard */ = {
			isa = PBXVariantGroup;
			children = (
				520DA6E61ED7248C009E4705 /* Base */,
			);
			name = LaunchScreen.storyboard;
			sourceTree = "<group>";
		};
/* End PBXVariantGroup section */

/* Begin XCBuildConfiguration section */
		520DA6F41ED7248C009E4705 /* Debug */ = {
			isa = XCBuildConfiguration;
			buildSettings = {
				ALWAYS_SEARCH_USER_PATHS = NO;
				CLANG_ANALYZER_NONNULL = YES;
				CLANG_ANALYZER_NUMBER_OBJECT_CONVERSION = YES_AGGRESSIVE;
				CLANG_CXX_LANGUAGE_STANDARD = "gnu++0x";
				CLANG_CXX_LIBRARY = "libc++";
				CLANG_ENABLE_MODULES = YES;
				CLANG_ENABLE_OBJC_ARC = YES;
				CLANG_WARN_BOOL_CONVERSION = YES;
				CLANG_WARN_CONSTANT_CONVERSION = YES;
				CLANG_WARN_DIRECT_OBJC_ISA_USAGE = YES_ERROR;
				CLANG_WARN_DOCUMENTATION_COMMENTS = YES;
				CLANG_WARN_EMPTY_BODY = YES;
				CLANG_WARN_ENUM_CONVERSION = YES;
				CLANG_WARN_INFINITE_RECURSION = YES;
				CLANG_WARN_INT_CONVERSION = YES;
				CLANG_WARN_OBJC_ROOT_CLASS = YES_ERROR;
				CLANG_WARN_SUSPICIOUS_MOVE = YES;
				CLANG_WARN_UNREACHABLE_CODE = YES;
				CLANG_WARN__DUPLICATE_METHOD_MATCH = YES;
				"CODE_SIGN_IDENTITY[sdk=iphoneos*]" = "iPhone Developer";
				COPY_PHASE_STRIP = NO;
				DEBUG_INFORMATION_FORMAT = dwarf;
				ENABLE_STRICT_OBJC_MSGSEND = YES;
				ENABLE_TESTABILITY = YES;
				GCC_C_LANGUAGE_STANDARD = gnu99;
				GCC_DYNAMIC_NO_PIC = NO;
				GCC_NO_COMMON_BLOCKS = YES;
				GCC_OPTIMIZATION_LEVEL = 0;
				GCC_PREPROCESSOR_DEFINITIONS = (
					"DEBUG=1",
					"$(inherited)",
				);
				GCC_WARN_64_TO_32_BIT_CONVERSION = YES;
				GCC_WARN_ABOUT_RETURN_TYPE = YES_ERROR;
				GCC_WARN_UNDECLARED_SELECTOR = YES;
				GCC_WARN_UNINITIALIZED_AUTOS = YES_AGGRESSIVE;
				GCC_WARN_UNUSED_FUNCTION = YES;
				GCC_WARN_UNUSED_VARIABLE = YES;
				IPHONEOS_DEPLOYMENT_TARGET = 8.0;
				MTL_ENABLE_DEBUG_INFO = YES;
				ONLY_ACTIVE_ARCH = YES;
				SDKROOT = iphoneos;
				TARGETED_DEVICE_FAMILY = "1,2";
			};
			name = Debug;
		};
		520DA6F51ED7248C009E4705 /* Release */ = {
			isa = XCBuildConfiguration;
			buildSettings = {
				ALWAYS_SEARCH_USER_PATHS = NO;
				CLANG_ANALYZER_NONNULL = YES;
				CLANG_ANALYZER_NUMBER_OBJECT_CONVERSION = YES_AGGRESSIVE;
				CLANG_CXX_LANGUAGE_STANDARD = "gnu++0x";
				CLANG_CXX_LIBRARY = "libc++";
				CLANG_ENABLE_MODULES = YES;
				CLANG_ENABLE_OBJC_ARC = YES;
				CLANG_WARN_BOOL_CONVERSION = YES;
				CLANG_WARN_CONSTANT_CONVERSION = YES;
				CLANG_WARN_DIRECT_OBJC_ISA_USAGE = YES_ERROR;
				CLANG_WARN_DOCUMENTATION_COMMENTS = YES;
				CLANG_WARN_EMPTY_BODY = YES;
				CLANG_WARN_ENUM_CONVERSION = YES;
				CLANG_WARN_INFINITE_RECURSION = YES;
				CLANG_WARN_INT_CONVERSION = YES;
				CLANG_WARN_OBJC_ROOT_CLASS = YES_ERROR;
				CLANG_WARN_SUSPICIOUS_MOVE = YES;
				CLANG_WARN_UNREACHABLE_CODE = YES;
				CLANG_WARN__DUPLICATE_METHOD_MATCH = YES;
				"CODE_SIGN_IDENTITY[sdk=iphoneos*]" = "iPhone Developer";
				COPY_PHASE_STRIP = NO;
				DEBUG_INFORMATION_FORMAT = "dwarf-with-dsym";
				ENABLE_NS_ASSERTIONS = NO;
				ENABLE_STRICT_OBJC_MSGSEND = YES;
				GCC_C_LANGUAGE_STANDARD = gnu99;
				GCC_NO_COMMON_BLOCKS = YES;
				GCC_WARN_64_TO_32_BIT_CONVERSION = YES;
				GCC_WARN_ABOUT_RETURN_TYPE = YES_ERROR;
				GCC_WARN_UNDECLARED_SELECTOR = YES;
				GCC_WARN_UNINITIALIZED_AUTOS = YES_AGGRESSIVE;
				GCC_WARN_UNUSED_FUNCTION = YES;
				GCC_WARN_UNUSED_VARIABLE = YES;
				IPHONEOS_DEPLOYMENT_TARGET = 8.0;
				MTL_ENABLE_DEBUG_INFO = NO;
				SDKROOT = iphoneos;
				TARGETED_DEVICE_FAMILY = "1,2";
				VALIDATE_PRODUCT = YES;
			};
			name = Release;
		};
		520DA6F71ED7248C009E4705 /* Debug */ = {
			isa = XCBuildConfiguration;
			buildSettings = {
				ASSETCATALOG_COMPILER_APPICON_NAME = AppIcon;
				CLANG_CXX_LANGUAGE_STANDARD = "gnu++0x";
				CODE_SIGN_IDENTITY = "iPhone Developer";
				CODE_SIGN_STYLE = Manual;
				DEBUG_INFORMATION_FORMAT = "dwarf-with-dsym";
				DEVELOPMENT_TEAM = XNCE899229;
				ENABLE_BITCODE = NO;
				FRAMEWORK_SEARCH_PATHS = (
					"$(inherited)",
					"$(PROJECT_DIR)",
				);
				GCC_PRECOMPILE_PREFIX_HEADER = YES;
				GCC_PREFIX_HEADER = PrefixHeader.pch;
				GCC_PREPROCESSOR_DEFINITIONS = (
					"PRODUCT_ID=1",
					"DEBUG=1",
				);
				HEADER_SEARCH_PATHS = (
					"../../framework/Source/iOS/**",
					"../../../ijkplayer_iOS/ios/IJKMediaPlayer/IJKMediaPlayer/**",
					"../../../ijkplayer_iOS/ijkmedia/**",
					../../../ijkplayer_iOS/ios/build/universal/include,
					"PlayerCamera/freetype-2.9.1/**",
					../../framework/Source,
				);
				INFOPLIST_FILE = PlayerCamera/Info.plist;
				IPHONEOS_DEPLOYMENT_TARGET = 8.0;
				LD_RUNPATH_SEARCH_PATHS = "$(inherited) @executable_path/Frameworks";
				LIBRARY_SEARCH_PATHS = (
					../../../ijkplayer_iOS/ios/build/universal/lib,
					"$(PROJECT_DIR)/PlayerCamera/freetype-2.9.1",
					"$(PROJECT_DIR)/PlayerCamera/WeChat",
				);
				OTHER_LDFLAGS = (
					"-all_load",
					"-Objc",
				);
				PRODUCT_BUNDLE_IDENTIFIER = com.cyllenge.gijkplayer;
				PRODUCT_NAME = "$(TARGET_NAME)";
				PROVISIONING_PROFILE = "7539b2d0-48e3-46f1-8ba7-65cb077f526a";
				PROVISIONING_PROFILE_SPECIFIER = "Domqiu Wildcard iOS Development ProvisioninProfile";
				STRIP_STYLE = "non-global";
				VALID_ARCHS = arm64;
			};
			name = Debug;
		};
		520DA6F81ED7248C009E4705 /* Release */ = {
			isa = XCBuildConfiguration;
			buildSettings = {
				ASSETCATALOG_COMPILER_APPICON_NAME = AppIcon;
				CLANG_CXX_LANGUAGE_STANDARD = "gnu++0x";
				CODE_SIGN_IDENTITY = "iPhone Developer";
				CODE_SIGN_STYLE = Manual;
				DEVELOPMENT_TEAM = XNCE899229;
				ENABLE_BITCODE = NO;
				FRAMEWORK_SEARCH_PATHS = (
					"$(inherited)",
					"$(PROJECT_DIR)",
				);
				GCC_PRECOMPILE_PREFIX_HEADER = YES;
				GCC_PREFIX_HEADER = PrefixHeader.pch;
				GCC_PREPROCESSOR_DEFINITIONS = "PRODUCT_ID=1";
				HEADER_SEARCH_PATHS = (
					"../../framework/Source/iOS/**",
					"../../../ijkplayer_iOS/ios/IJKMediaPlayer/IJKMediaPlayer/**",
					"../../../ijkplayer_iOS/ijkmedia/**",
					../../../ijkplayer_iOS/ios/build/universal/include,
					"PlayerCamera/freetype-2.9.1/**",
					../../framework/Source,
				);
				INFOPLIST_FILE = PlayerCamera/Info.plist;
				IPHONEOS_DEPLOYMENT_TARGET = 8.0;
				LD_RUNPATH_SEARCH_PATHS = "$(inherited) @executable_path/Frameworks";
				LIBRARY_SEARCH_PATHS = (
					../../../ijkplayer_iOS/ios/build/universal/lib,
					"$(PROJECT_DIR)/PlayerCamera/freetype-2.9.1",
					"$(PROJECT_DIR)/PlayerCamera/WeChat",
				);
				OTHER_LDFLAGS = (
					"-all_load",
					"-Objc",
				);
				PRODUCT_BUNDLE_IDENTIFIER = com.cyllenge.gijkplayer;
				PRODUCT_NAME = "$(TARGET_NAME)";
				PROVISIONING_PROFILE = "7539b2d0-48e3-46f1-8ba7-65cb077f526a";
				PROVISIONING_PROFILE_SPECIFIER = "Domqiu Wildcard iOS Development ProvisioninProfile";
				STRIP_STYLE = "non-global";
				VALID_ARCHS = arm64;
			};
			name = Release;
		};
		520DA6FA1ED7248C009E4705 /* Debug */ = {
			isa = XCBuildConfiguration;
			buildSettings = {
				INFOPLIST_FILE = PlayerCameraUITests/Info.plist;
				LD_RUNPATH_SEARCH_PATHS = "$(inherited) @executable_path/Frameworks @loader_path/Frameworks";
				PRODUCT_BUNDLE_IDENTIFIER = com.cyllenge.PlayerCameraUITests;
				PRODUCT_NAME = "$(TARGET_NAME)";
				TEST_TARGET_NAME = PlayerCamera;
			};
			name = Debug;
		};
		520DA6FB1ED7248C009E4705 /* Release */ = {
			isa = XCBuildConfiguration;
			buildSettings = {
				INFOPLIST_FILE = PlayerCameraUITests/Info.plist;
				LD_RUNPATH_SEARCH_PATHS = "$(inherited) @executable_path/Frameworks @loader_path/Frameworks";
				PRODUCT_BUNDLE_IDENTIFIER = com.cyllenge.PlayerCameraUITests;
				PRODUCT_NAME = "$(TARGET_NAME)";
				TEST_TARGET_NAME = PlayerCamera;
			};
			name = Release;
		};
		5281153320ECBADF00E2B133 /* Debug */ = {
			isa = XCBuildConfiguration;
			buildSettings = {
				ASSETCATALOG_COMPILER_APPICON_NAME = AppIcon;
				CLANG_CXX_LANGUAGE_STANDARD = "gnu++0x";
				CODE_SIGN_IDENTITY = "iPhone Developer";
				CODE_SIGN_STYLE = Manual;
				DEBUG_INFORMATION_FORMAT = "dwarf-with-dsym";
				DEVELOPMENT_TEAM = XNCE899229;
				ENABLE_BITCODE = NO;
				FRAMEWORK_SEARCH_PATHS = (
					"$(inherited)",
					"$(PROJECT_DIR)",
				);
				GCC_PRECOMPILE_PREFIX_HEADER = YES;
				GCC_PREFIX_HEADER = PrefixHeader.pch;
				GCC_PREPROCESSOR_DEFINITIONS = (
					"PRODUCT_ID=2",
					"DEBUG=1",
				);
				HEADER_SEARCH_PATHS = (
					"../../framework/Source/iOS/**",
					"../../../ijkplayer_iOS/ios/IJKMediaPlayer/IJKMediaPlayer/**",
					"../../../ijkplayer_iOS/ijkmedia/**",
					../../../ijkplayer_iOS/ios/build/universal/include,
					"PlayerCamera/freetype-2.9.1/**",
					../../framework/Source,
				);
				INFOPLIST_FILE = "GridShow-Info.plist";
				IPHONEOS_DEPLOYMENT_TARGET = 8.0;
				LD_RUNPATH_SEARCH_PATHS = "$(inherited) @executable_path/Frameworks";
				LIBRARY_SEARCH_PATHS = (
					../../../ijkplayer_iOS/ios/build/universal/lib,
					"$(PROJECT_DIR)/PlayerCamera/freetype-2.9.1",
					"$(PROJECT_DIR)/PlayerCamera/WeChat",
				);
				OTHER_LDFLAGS = (
					"-all_load",
					"-Objc",
				);
				PRODUCT_BUNDLE_IDENTIFIER = com.cyllenge.gridshow;
				PRODUCT_NAME = "$(TARGET_NAME)";
				PROVISIONING_PROFILE = "7539b2d0-48e3-46f1-8ba7-65cb077f526a";
				PROVISIONING_PROFILE_SPECIFIER = "Domqiu Wildcard iOS Development ProvisioninProfile";
				STRIP_STYLE = "non-global";
				VALID_ARCHS = arm64;
			};
			name = Debug;
		};
		5281153420ECBADF00E2B133 /* Release */ = {
			isa = XCBuildConfiguration;
			buildSettings = {
				ASSETCATALOG_COMPILER_APPICON_NAME = AppIcon;
				CLANG_CXX_LANGUAGE_STANDARD = "gnu++0x";
				CODE_SIGN_IDENTITY = "iPhone Distribution";
				CODE_SIGN_STYLE = Manual;
				DEVELOPMENT_TEAM = XNCE899229;
				ENABLE_BITCODE = NO;
				FRAMEWORK_SEARCH_PATHS = (
					"$(inherited)",
					"$(PROJECT_DIR)",
				);
				GCC_PRECOMPILE_PREFIX_HEADER = YES;
				GCC_PREFIX_HEADER = PrefixHeader.pch;
				GCC_PREPROCESSOR_DEFINITIONS = "PRODUCT_ID=2";
				HEADER_SEARCH_PATHS = (
					"../../framework/Source/iOS/**",
					"../../../ijkplayer_iOS/ios/IJKMediaPlayer/IJKMediaPlayer/**",
					"../../../ijkplayer_iOS/ijkmedia/**",
					../../../ijkplayer_iOS/ios/build/universal/include,
					"PlayerCamera/freetype-2.9.1/**",
					../../framework/Source,
				);
				INFOPLIST_FILE = "GridShow-Info.plist";
				IPHONEOS_DEPLOYMENT_TARGET = 8.0;
				LD_RUNPATH_SEARCH_PATHS = "$(inherited) @executable_path/Frameworks";
				LIBRARY_SEARCH_PATHS = (
					../../../ijkplayer_iOS/ios/build/universal/lib,
					"$(PROJECT_DIR)/PlayerCamera/freetype-2.9.1",
					"$(PROJECT_DIR)/PlayerCamera/WeChat",
				);
				OTHER_LDFLAGS = (
					"-all_load",
					"-Objc",
				);
				PRODUCT_BUNDLE_IDENTIFIER = com.cyllenge.gridshow;
				PRODUCT_NAME = "$(TARGET_NAME)";
				PROVISIONING_PROFILE = "09933818-2dd3-43e0-82e2-b7211cf69aa0";
				PROVISIONING_PROFILE_SPECIFIER = GirdShow_AppStore;
				STRIP_STYLE = "non-global";
				VALID_ARCHS = arm64;
			};
			name = Release;
		};
/* End XCBuildConfiguration section */

/* Begin XCConfigurationList section */
		520DA6CF1ED7248C009E4705 /* Build configuration list for PBXProject "PlayerCamera" */ = {
			isa = XCConfigurationList;
			buildConfigurations = (
				520DA6F41ED7248C009E4705 /* Debug */,
				520DA6F51ED7248C009E4705 /* Release */,
			);
			defaultConfigurationIsVisible = 0;
			defaultConfigurationName = Release;
		};
		520DA6F61ED7248C009E4705 /* Build configuration list for PBXNativeTarget "GijkPlayer" */ = {
			isa = XCConfigurationList;
			buildConfigurations = (
				520DA6F71ED7248C009E4705 /* Debug */,
				520DA6F81ED7248C009E4705 /* Release */,
			);
			defaultConfigurationIsVisible = 0;
			defaultConfigurationName = Release;
		};
		520DA6F91ED7248C009E4705 /* Build configuration list for PBXNativeTarget "PlayerCameraUITests" */ = {
			isa = XCConfigurationList;
			buildConfigurations = (
				520DA6FA1ED7248C009E4705 /* Debug */,
				520DA6FB1ED7248C009E4705 /* Release */,
			);
			defaultConfigurationIsVisible = 0;
			defaultConfigurationName = Release;
		};
		5281153220ECBADF00E2B133 /* Build configuration list for PBXNativeTarget "GridShow" */ = {
			isa = XCConfigurationList;
			buildConfigurations = (
				5281153320ECBADF00E2B133 /* Debug */,
				5281153420ECBADF00E2B133 /* Release */,
			);
			defaultConfigurationIsVisible = 0;
			defaultConfigurationName = Release;
		};
/* End XCConfigurationList section */
	};
	rootObject = 520DA6CC1ED7248B009E4705 /* Project object */;
}
